// !$*UTF8*$!
{
	archiveVersion = 1;
	classes = {
	};
	objectVersion = 56;
	objects = {

/* Begin PBXBuildFile section */
		D62B07772AC2B101002C7EAB /* FSCalendar in Frameworks */ = {isa = PBXBuildFile; productRef = D62B07762AC2B101002C7EAB /* FSCalendar */; };
		D62B077A2AC2B10D002C7EAB /* Kingfisher in Frameworks */ = {isa = PBXBuildFile; productRef = D62B07792AC2B10D002C7EAB /* Kingfisher */; };
		D62B077D2AC2B11B002C7EAB /* SnapKit in Frameworks */ = {isa = PBXBuildFile; productRef = D62B077C2AC2B11B002C7EAB /* SnapKit */; };
		D62B07802AC2B17F002C7EAB /* Realm in Frameworks */ = {isa = PBXBuildFile; productRef = D62B077F2AC2B17F002C7EAB /* Realm */; };
		D62B07822AC2B17F002C7EAB /* RealmSwift in Frameworks */ = {isa = PBXBuildFile; productRef = D62B07812AC2B17F002C7EAB /* RealmSwift */; };
		D62B07852AC2B1BA002C7EAB /* Toast in Frameworks */ = {isa = PBXBuildFile; productRef = D62B07842AC2B1BA002C7EAB /* Toast */; };
		D62B07882AC2B252002C7EAB /* TabBarController.swift in Sources */ = {isa = PBXBuildFile; fileRef = D62B07872AC2B252002C7EAB /* TabBarController.swift */; };
		D62B078F2AC33CE3002C7EAB /* ListCollectionViewHeaderView.swift in Sources */ = {isa = PBXBuildFile; fileRef = D62B078E2AC33CE3002C7EAB /* ListCollectionViewHeaderView.swift */; };
		D62B07922AC3E1A5002C7EAB /* DoIt.swift in Sources */ = {isa = PBXBuildFile; fileRef = D62B07912AC3E1A5002C7EAB /* DoIt.swift */; };
		D62B07942AC3E96B002C7EAB /* Memo.swift in Sources */ = {isa = PBXBuildFile; fileRef = D62B07932AC3E96A002C7EAB /* Memo.swift */; };
		D62B07962AC3E972002C7EAB /* Todo.swift in Sources */ = {isa = PBXBuildFile; fileRef = D62B07952AC3E972002C7EAB /* Todo.swift */; };
		D62B07992AC3EB1E002C7EAB /* RepositoryTypeProtocol.swift in Sources */ = {isa = PBXBuildFile; fileRef = D62B07982AC3EB1E002C7EAB /* RepositoryTypeProtocol.swift */; };
		D62B079D2AC456B5002C7EAB /* DoitAddViewController.swift in Sources */ = {isa = PBXBuildFile; fileRef = D62B079C2AC456B5002C7EAB /* DoitAddViewController.swift */; };
		D62B07A02AC45813002C7EAB /* BaseViewController.swift in Sources */ = {isa = PBXBuildFile; fileRef = D62B079F2AC45813002C7EAB /* BaseViewController.swift */; };
		D62B07A22AC4581A002C7EAB /* BaseView.swift in Sources */ = {isa = PBXBuildFile; fileRef = D62B07A12AC4581A002C7EAB /* BaseView.swift */; };
		D62B07A42AC4584A002C7EAB /* BaseCollectionViewCell.swift in Sources */ = {isa = PBXBuildFile; fileRef = D62B07A32AC4584A002C7EAB /* BaseCollectionViewCell.swift */; };
		D62B07A62AC48D9F002C7EAB /* DoitAddView.swift in Sources */ = {isa = PBXBuildFile; fileRef = D62B07A52AC48D9F002C7EAB /* DoitAddView.swift */; };
		D64BDCE72ACC063200C4F6FB /* TodoAddViewController.swift in Sources */ = {isa = PBXBuildFile; fileRef = D64BDCE62ACC063200C4F6FB /* TodoAddViewController.swift */; };
		D64BDD132ACD61F900C4F6FB /* TodoAddViewModel.swift in Sources */ = {isa = PBXBuildFile; fileRef = D64BDD122ACD61F900C4F6FB /* TodoAddViewModel.swift */; };
		D64BDD152ACDAF2400C4F6FB /* String+Extension.swift in Sources */ = {isa = PBXBuildFile; fileRef = D64BDD142ACDAF2400C4F6FB /* String+Extension.swift */; };
		D64BDD192ACF0A5800C4F6FB /* UIView+Extension.swift in Sources */ = {isa = PBXBuildFile; fileRef = D64BDD182ACF0A5800C4F6FB /* UIView+Extension.swift */; };
		D64BDD1B2ACF350400C4F6FB /* ModalPresentDelegate.swift in Sources */ = {isa = PBXBuildFile; fileRef = D64BDD1A2ACF350400C4F6FB /* ModalPresentDelegate.swift */; };
		D64BDD202ACF41F800C4F6FB /* TodoListViewModel.swift in Sources */ = {isa = PBXBuildFile; fileRef = D64BDD1F2ACF41F800C4F6FB /* TodoListViewModel.swift */; };
		D64BDD222ACF420600C4F6FB /* TodoListViewController.swift in Sources */ = {isa = PBXBuildFile; fileRef = D64BDD212ACF420600C4F6FB /* TodoListViewController.swift */; };
		D64BDD252AD17D0D00C4F6FB /* DoitDetailViewController.swift in Sources */ = {isa = PBXBuildFile; fileRef = D64BDD242AD17D0D00C4F6FB /* DoitDetailViewController.swift */; };
		D64BDD272AD1BCC900C4F6FB /* DoitDetailView.swift in Sources */ = {isa = PBXBuildFile; fileRef = D64BDD262AD1BCC900C4F6FB /* DoitDetailView.swift */; };
		D64BDD292AD2BC9300C4F6FB /* CircularProgressView.swift in Sources */ = {isa = PBXBuildFile; fileRef = D64BDD282AD2BC9300C4F6FB /* CircularProgressView.swift */; };
		D64BDD2B2AD2DB7900C4F6FB /* DoitDetailTableViewCell.swift in Sources */ = {isa = PBXBuildFile; fileRef = D64BDD2A2AD2DB7900C4F6FB /* DoitDetailTableViewCell.swift */; };
		D64BDD2D2AD2FC8E00C4F6FB /* ReusableProtocol.swift in Sources */ = {isa = PBXBuildFile; fileRef = D64BDD2C2AD2FC8E00C4F6FB /* ReusableProtocol.swift */; };
		D64BDD312AD339FC00C4F6FB /* DoitDetailViewModel.swift in Sources */ = {isa = PBXBuildFile; fileRef = D64BDD302AD339FC00C4F6FB /* DoitDetailViewModel.swift */; };
		D64BDD352AD5C58F00C4F6FB /* TodoDetailViewController.swift in Sources */ = {isa = PBXBuildFile; fileRef = D64BDD342AD5C58F00C4F6FB /* TodoDetailViewController.swift */; };
		D64BDD382AD5C75400C4F6FB /* TodoDetailView.swift in Sources */ = {isa = PBXBuildFile; fileRef = D64BDD372AD5C75400C4F6FB /* TodoDetailView.swift */; };
		D64BDD3B2AD675EE00C4F6FB /* TodoDetailViewModel.swift in Sources */ = {isa = PBXBuildFile; fileRef = D64BDD3A2AD675EE00C4F6FB /* TodoDetailViewModel.swift */; };
		D64BDD402AD6DDAF00C4F6FB /* DoitCompleteAddViewController.swift in Sources */ = {isa = PBXBuildFile; fileRef = D64BDD3F2AD6DDAF00C4F6FB /* DoitCompleteAddViewController.swift */; };
		D64BDD422AD6DDBD00C4F6FB /* DoitCompleteAddView.swift in Sources */ = {isa = PBXBuildFile; fileRef = D64BDD412AD6DDBD00C4F6FB /* DoitCompleteAddView.swift */; };
		D6835B492AC8900E00B0A488 /* DoitCollectionViewCell.swift in Sources */ = {isa = PBXBuildFile; fileRef = D6835B482AC8900E00B0A488 /* DoitCollectionViewCell.swift */; };
		D6835B4D2AC9CC7500B0A488 /* HomeViewModel.swift in Sources */ = {isa = PBXBuildFile; fileRef = D6835B4C2AC9CC7500B0A488 /* HomeViewModel.swift */; };
		D6835B502AC9CCC200B0A488 /* SectionType.swift in Sources */ = {isa = PBXBuildFile; fileRef = D6835B4F2AC9CCC200B0A488 /* SectionType.swift */; };
		D6835B552ACA7BCE00B0A488 /* DoitListViewModel.swift in Sources */ = {isa = PBXBuildFile; fileRef = D6835B542ACA7BCE00B0A488 /* DoitListViewModel.swift */; };
		D6835B572ACA7BE000B0A488 /* DoitListViewController.swift in Sources */ = {isa = PBXBuildFile; fileRef = D6835B562ACA7BE000B0A488 /* DoitListViewController.swift */; };
		D6835B592ACAE70F00B0A488 /* TodoCollectionViewCell.swift in Sources */ = {isa = PBXBuildFile; fileRef = D6835B582ACAE70F00B0A488 /* TodoCollectionViewCell.swift */; };
		D6835B5B2ACAE71A00B0A488 /* MemoCollectionViewCell.swift in Sources */ = {isa = PBXBuildFile; fileRef = D6835B5A2ACAE71A00B0A488 /* MemoCollectionViewCell.swift */; };
		D6835B5E2ACAE8EF00B0A488 /* Design.swift in Sources */ = {isa = PBXBuildFile; fileRef = D6835B5D2ACAE8EF00B0A488 /* Design.swift */; };
		D69B039A2AE0FC2F0083D3B2 /* SettingViewController.swift in Sources */ = {isa = PBXBuildFile; fileRef = D69B03992AE0FC2F0083D3B2 /* SettingViewController.swift */; };
		D69B039C2AE0FC3A0083D3B2 /* SettingEnum.swift in Sources */ = {isa = PBXBuildFile; fileRef = D69B039B2AE0FC3A0083D3B2 /* SettingEnum.swift */; };
		D69B039F2AE15F5B0083D3B2 /* Zip in Frameworks */ = {isa = PBXBuildFile; productRef = D69B039E2AE15F5B0083D3B2 /* Zip */; };
		D69B03A12AE3FAC20083D3B2 /* .gitIgnore in Resources */ = {isa = PBXBuildFile; fileRef = D69B03A02AE3FAC20083D3B2 /* .gitIgnore */; };
		D69B03A62AE3FC6B0083D3B2 /* FirebaseAnalyticsWithoutAdIdSupport in Frameworks */ = {isa = PBXBuildFile; productRef = D69B03A52AE3FC6B0083D3B2 /* FirebaseAnalyticsWithoutAdIdSupport */; };
		D69B03A82AE3FC6B0083D3B2 /* FirebaseCrashlytics in Frameworks */ = {isa = PBXBuildFile; productRef = D69B03A72AE3FC6B0083D3B2 /* FirebaseCrashlytics */; };
		D69B03B82AEA43F50083D3B2 /* GoogleService-Info.plist in Resources */ = {isa = PBXBuildFile; fileRef = D69B03B72AEA43F50083D3B2 /* GoogleService-Info.plist */; };
		D6A80F192AD8541100364CF5 /* DoitCompleteAddViewModel.swift in Sources */ = {isa = PBXBuildFile; fileRef = D6A80F182AD8541100364CF5 /* DoitCompleteAddViewModel.swift */; };
		D6A80F1B2AD859FB00364CF5 /* DoitRepository.swift in Sources */ = {isa = PBXBuildFile; fileRef = D6A80F1A2AD859FB00364CF5 /* DoitRepository.swift */; };
		D6A80F1D2AD85DEA00364CF5 /* TodoRepository.swift in Sources */ = {isa = PBXBuildFile; fileRef = D6A80F1C2AD85DEA00364CF5 /* TodoRepository.swift */; };
		D6A80F1F2AD85DF200364CF5 /* MemoRepository.swift in Sources */ = {isa = PBXBuildFile; fileRef = D6A80F1E2AD85DF200364CF5 /* MemoRepository.swift */; };
		D6A80F212AD870DC00364CF5 /* FileManager + Extension.swift in Sources */ = {isa = PBXBuildFile; fileRef = D6A80F202AD870DC00364CF5 /* FileManager + Extension.swift */; };
		D6A80F232AD87BA100364CF5 /* UIImage+Extension.swift in Sources */ = {isa = PBXBuildFile; fileRef = D6A80F222AD87BA100364CF5 /* UIImage+Extension.swift */; };
		D6A80F282ADAEC3B00364CF5 /* MemoAddView.swift in Sources */ = {isa = PBXBuildFile; fileRef = D6A80F272ADAEC3B00364CF5 /* MemoAddView.swift */; };
		D6A80F2B2ADAED4C00364CF5 /* MemoAddViewController.swift in Sources */ = {isa = PBXBuildFile; fileRef = D6A80F2A2ADAED4C00364CF5 /* MemoAddViewController.swift */; };
		D6A80F2E2ADAF9E000364CF5 /* MemoAddViewModel.swift in Sources */ = {isa = PBXBuildFile; fileRef = D6A80F2D2ADAF9E000364CF5 /* MemoAddViewModel.swift */; };
		D6D92F062AC031DF0074236E /* AppDelegate.swift in Sources */ = {isa = PBXBuildFile; fileRef = D6D92F052AC031DF0074236E /* AppDelegate.swift */; };
		D6D92F082AC031DF0074236E /* SceneDelegate.swift in Sources */ = {isa = PBXBuildFile; fileRef = D6D92F072AC031DF0074236E /* SceneDelegate.swift */; };
		D6D92F0A2AC031DF0074236E /* HomeViewController.swift in Sources */ = {isa = PBXBuildFile; fileRef = D6D92F092AC031DF0074236E /* HomeViewController.swift */; };
		D6D92F0F2AC031E00074236E /* Assets.xcassets in Resources */ = {isa = PBXBuildFile; fileRef = D6D92F0E2AC031E00074236E /* Assets.xcassets */; };
		D6D92F122AC031E00074236E /* LaunchScreen.storyboard in Resources */ = {isa = PBXBuildFile; fileRef = D6D92F102AC031E00074236E /* LaunchScreen.storyboard */; };
		D6EE24602AE029EE00D7425F /* NotDataCollectionViewCell.swift in Sources */ = {isa = PBXBuildFile; fileRef = D6EE245F2AE029EE00D7425F /* NotDataCollectionViewCell.swift */; };
		D6F0C6162AC5B5B100EE99AF /* Date+Extension.swift in Sources */ = {isa = PBXBuildFile; fileRef = D6F0C6152AC5B5B100EE99AF /* Date+Extension.swift */; };
		D6F0C6192AC8096B00EE99AF /* Observer.swift in Sources */ = {isa = PBXBuildFile; fileRef = D6F0C6182AC8096B00EE99AF /* Observer.swift */; };
		D6F0C61B2AC8285000EE99AF /* DoitAddViewModel.swift in Sources */ = {isa = PBXBuildFile; fileRef = D6F0C61A2AC8285000EE99AF /* DoitAddViewModel.swift */; };
/* End PBXBuildFile section */

/* Begin PBXFileReference section */
		D62B07872AC2B252002C7EAB /* TabBarController.swift */ = {isa = PBXFileReference; lastKnownFileType = sourcecode.swift; path = TabBarController.swift; sourceTree = "<group>"; };
		D62B078E2AC33CE3002C7EAB /* ListCollectionViewHeaderView.swift */ = {isa = PBXFileReference; lastKnownFileType = sourcecode.swift; path = ListCollectionViewHeaderView.swift; sourceTree = "<group>"; };
		D62B07912AC3E1A5002C7EAB /* DoIt.swift */ = {isa = PBXFileReference; lastKnownFileType = sourcecode.swift; path = DoIt.swift; sourceTree = "<group>"; };
		D62B07932AC3E96A002C7EAB /* Memo.swift */ = {isa = PBXFileReference; lastKnownFileType = sourcecode.swift; path = Memo.swift; sourceTree = "<group>"; };
		D62B07952AC3E972002C7EAB /* Todo.swift */ = {isa = PBXFileReference; lastKnownFileType = sourcecode.swift; path = Todo.swift; sourceTree = "<group>"; };
		D62B07982AC3EB1E002C7EAB /* RepositoryTypeProtocol.swift */ = {isa = PBXFileReference; lastKnownFileType = sourcecode.swift; path = RepositoryTypeProtocol.swift; sourceTree = "<group>"; };
		D62B079C2AC456B5002C7EAB /* DoitAddViewController.swift */ = {isa = PBXFileReference; lastKnownFileType = sourcecode.swift; path = DoitAddViewController.swift; sourceTree = "<group>"; };
		D62B079F2AC45813002C7EAB /* BaseViewController.swift */ = {isa = PBXFileReference; lastKnownFileType = sourcecode.swift; path = BaseViewController.swift; sourceTree = "<group>"; };
		D62B07A12AC4581A002C7EAB /* BaseView.swift */ = {isa = PBXFileReference; lastKnownFileType = sourcecode.swift; path = BaseView.swift; sourceTree = "<group>"; };
		D62B07A32AC4584A002C7EAB /* BaseCollectionViewCell.swift */ = {isa = PBXFileReference; lastKnownFileType = sourcecode.swift; path = BaseCollectionViewCell.swift; sourceTree = "<group>"; };
		D62B07A52AC48D9F002C7EAB /* DoitAddView.swift */ = {isa = PBXFileReference; lastKnownFileType = sourcecode.swift; path = DoitAddView.swift; sourceTree = "<group>"; };
		D64BDCE62ACC063200C4F6FB /* TodoAddViewController.swift */ = {isa = PBXFileReference; lastKnownFileType = sourcecode.swift; path = TodoAddViewController.swift; sourceTree = "<group>"; };
		D64BDD122ACD61F900C4F6FB /* TodoAddViewModel.swift */ = {isa = PBXFileReference; lastKnownFileType = sourcecode.swift; path = TodoAddViewModel.swift; sourceTree = "<group>"; };
		D64BDD142ACDAF2400C4F6FB /* String+Extension.swift */ = {isa = PBXFileReference; lastKnownFileType = sourcecode.swift; path = "String+Extension.swift"; sourceTree = "<group>"; };
		D64BDD182ACF0A5800C4F6FB /* UIView+Extension.swift */ = {isa = PBXFileReference; lastKnownFileType = sourcecode.swift; path = "UIView+Extension.swift"; sourceTree = "<group>"; };
		D64BDD1A2ACF350400C4F6FB /* ModalPresentDelegate.swift */ = {isa = PBXFileReference; lastKnownFileType = sourcecode.swift; path = ModalPresentDelegate.swift; sourceTree = "<group>"; };
		D64BDD1F2ACF41F800C4F6FB /* TodoListViewModel.swift */ = {isa = PBXFileReference; lastKnownFileType = sourcecode.swift; path = TodoListViewModel.swift; sourceTree = "<group>"; };
		D64BDD212ACF420600C4F6FB /* TodoListViewController.swift */ = {isa = PBXFileReference; lastKnownFileType = sourcecode.swift; path = TodoListViewController.swift; sourceTree = "<group>"; };
		D64BDD242AD17D0D00C4F6FB /* DoitDetailViewController.swift */ = {isa = PBXFileReference; lastKnownFileType = sourcecode.swift; path = DoitDetailViewController.swift; sourceTree = "<group>"; };
		D64BDD262AD1BCC900C4F6FB /* DoitDetailView.swift */ = {isa = PBXFileReference; lastKnownFileType = sourcecode.swift; path = DoitDetailView.swift; sourceTree = "<group>"; };
		D64BDD282AD2BC9300C4F6FB /* CircularProgressView.swift */ = {isa = PBXFileReference; lastKnownFileType = sourcecode.swift; path = CircularProgressView.swift; sourceTree = "<group>"; };
		D64BDD2A2AD2DB7900C4F6FB /* DoitDetailTableViewCell.swift */ = {isa = PBXFileReference; lastKnownFileType = sourcecode.swift; path = DoitDetailTableViewCell.swift; sourceTree = "<group>"; };
		D64BDD2C2AD2FC8E00C4F6FB /* ReusableProtocol.swift */ = {isa = PBXFileReference; lastKnownFileType = sourcecode.swift; path = ReusableProtocol.swift; sourceTree = "<group>"; };
		D64BDD302AD339FC00C4F6FB /* DoitDetailViewModel.swift */ = {isa = PBXFileReference; lastKnownFileType = sourcecode.swift; path = DoitDetailViewModel.swift; sourceTree = "<group>"; };
		D64BDD342AD5C58F00C4F6FB /* TodoDetailViewController.swift */ = {isa = PBXFileReference; lastKnownFileType = sourcecode.swift; path = TodoDetailViewController.swift; sourceTree = "<group>"; };
		D64BDD372AD5C75400C4F6FB /* TodoDetailView.swift */ = {isa = PBXFileReference; lastKnownFileType = sourcecode.swift; path = TodoDetailView.swift; sourceTree = "<group>"; };
		D64BDD3A2AD675EE00C4F6FB /* TodoDetailViewModel.swift */ = {isa = PBXFileReference; lastKnownFileType = sourcecode.swift; path = TodoDetailViewModel.swift; sourceTree = "<group>"; };
		D64BDD3F2AD6DDAF00C4F6FB /* DoitCompleteAddViewController.swift */ = {isa = PBXFileReference; lastKnownFileType = sourcecode.swift; path = DoitCompleteAddViewController.swift; sourceTree = "<group>"; };
		D64BDD412AD6DDBD00C4F6FB /* DoitCompleteAddView.swift */ = {isa = PBXFileReference; lastKnownFileType = sourcecode.swift; path = DoitCompleteAddView.swift; sourceTree = "<group>"; };
		D6835B482AC8900E00B0A488 /* DoitCollectionViewCell.swift */ = {isa = PBXFileReference; lastKnownFileType = sourcecode.swift; path = DoitCollectionViewCell.swift; sourceTree = "<group>"; };
		D6835B4C2AC9CC7500B0A488 /* HomeViewModel.swift */ = {isa = PBXFileReference; lastKnownFileType = sourcecode.swift; path = HomeViewModel.swift; sourceTree = "<group>"; };
		D6835B4F2AC9CCC200B0A488 /* SectionType.swift */ = {isa = PBXFileReference; lastKnownFileType = sourcecode.swift; path = SectionType.swift; sourceTree = "<group>"; };
		D6835B542ACA7BCE00B0A488 /* DoitListViewModel.swift */ = {isa = PBXFileReference; lastKnownFileType = sourcecode.swift; path = DoitListViewModel.swift; sourceTree = "<group>"; };
		D6835B562ACA7BE000B0A488 /* DoitListViewController.swift */ = {isa = PBXFileReference; lastKnownFileType = sourcecode.swift; path = DoitListViewController.swift; sourceTree = "<group>"; };
		D6835B582ACAE70F00B0A488 /* TodoCollectionViewCell.swift */ = {isa = PBXFileReference; lastKnownFileType = sourcecode.swift; path = TodoCollectionViewCell.swift; sourceTree = "<group>"; };
		D6835B5A2ACAE71A00B0A488 /* MemoCollectionViewCell.swift */ = {isa = PBXFileReference; lastKnownFileType = sourcecode.swift; path = MemoCollectionViewCell.swift; sourceTree = "<group>"; };
		D6835B5D2ACAE8EF00B0A488 /* Design.swift */ = {isa = PBXFileReference; lastKnownFileType = sourcecode.swift; path = Design.swift; sourceTree = "<group>"; };
		D69B03992AE0FC2F0083D3B2 /* SettingViewController.swift */ = {isa = PBXFileReference; lastKnownFileType = sourcecode.swift; path = SettingViewController.swift; sourceTree = "<group>"; };
		D69B039B2AE0FC3A0083D3B2 /* SettingEnum.swift */ = {isa = PBXFileReference; lastKnownFileType = sourcecode.swift; path = SettingEnum.swift; sourceTree = "<group>"; };
		D69B03A02AE3FAC20083D3B2 /* .gitIgnore */ = {isa = PBXFileReference; lastKnownFileType = text; path = .gitIgnore; sourceTree = "<group>"; };
		D69B03B72AEA43F50083D3B2 /* GoogleService-Info.plist */ = {isa = PBXFileReference; fileEncoding = 4; lastKnownFileType = text.plist.xml; path = "GoogleService-Info.plist"; sourceTree = "<group>"; };
		D6A80F182AD8541100364CF5 /* DoitCompleteAddViewModel.swift */ = {isa = PBXFileReference; lastKnownFileType = sourcecode.swift; path = DoitCompleteAddViewModel.swift; sourceTree = "<group>"; };
		D6A80F1A2AD859FB00364CF5 /* DoitRepository.swift */ = {isa = PBXFileReference; lastKnownFileType = sourcecode.swift; path = DoitRepository.swift; sourceTree = "<group>"; };
		D6A80F1C2AD85DEA00364CF5 /* TodoRepository.swift */ = {isa = PBXFileReference; lastKnownFileType = sourcecode.swift; path = TodoRepository.swift; sourceTree = "<group>"; };
		D6A80F1E2AD85DF200364CF5 /* MemoRepository.swift */ = {isa = PBXFileReference; lastKnownFileType = sourcecode.swift; path = MemoRepository.swift; sourceTree = "<group>"; };
		D6A80F202AD870DC00364CF5 /* FileManager + Extension.swift */ = {isa = PBXFileReference; lastKnownFileType = sourcecode.swift; path = "FileManager + Extension.swift"; sourceTree = "<group>"; };
		D6A80F222AD87BA100364CF5 /* UIImage+Extension.swift */ = {isa = PBXFileReference; lastKnownFileType = sourcecode.swift; path = "UIImage+Extension.swift"; sourceTree = "<group>"; };
		D6A80F272ADAEC3B00364CF5 /* MemoAddView.swift */ = {isa = PBXFileReference; lastKnownFileType = sourcecode.swift; path = MemoAddView.swift; sourceTree = "<group>"; };
		D6A80F2A2ADAED4C00364CF5 /* MemoAddViewController.swift */ = {isa = PBXFileReference; lastKnownFileType = sourcecode.swift; path = MemoAddViewController.swift; sourceTree = "<group>"; };
		D6A80F2D2ADAF9E000364CF5 /* MemoAddViewModel.swift */ = {isa = PBXFileReference; lastKnownFileType = sourcecode.swift; path = MemoAddViewModel.swift; sourceTree = "<group>"; };
		D6D92F022AC031DF0074236E /* TodoDoIt.app */ = {isa = PBXFileReference; explicitFileType = wrapper.application; includeInIndex = 0; path = TodoDoIt.app; sourceTree = BUILT_PRODUCTS_DIR; };
		D6D92F052AC031DF0074236E /* AppDelegate.swift */ = {isa = PBXFileReference; lastKnownFileType = sourcecode.swift; path = AppDelegate.swift; sourceTree = "<group>"; };
		D6D92F072AC031DF0074236E /* SceneDelegate.swift */ = {isa = PBXFileReference; lastKnownFileType = sourcecode.swift; path = SceneDelegate.swift; sourceTree = "<group>"; };
		D6D92F092AC031DF0074236E /* HomeViewController.swift */ = {isa = PBXFileReference; lastKnownFileType = sourcecode.swift; path = HomeViewController.swift; sourceTree = "<group>"; };
		D6D92F0E2AC031E00074236E /* Assets.xcassets */ = {isa = PBXFileReference; lastKnownFileType = folder.assetcatalog; path = Assets.xcassets; sourceTree = "<group>"; };
		D6D92F112AC031E00074236E /* Base */ = {isa = PBXFileReference; lastKnownFileType = file.storyboard; name = Base; path = Base.lproj/LaunchScreen.storyboard; sourceTree = "<group>"; };
		D6D92F132AC031E00074236E /* Info.plist */ = {isa = PBXFileReference; lastKnownFileType = text.plist.xml; path = Info.plist; sourceTree = "<group>"; };
		D6EE245F2AE029EE00D7425F /* NotDataCollectionViewCell.swift */ = {isa = PBXFileReference; lastKnownFileType = sourcecode.swift; path = NotDataCollectionViewCell.swift; sourceTree = "<group>"; };
		D6F0C6152AC5B5B100EE99AF /* Date+Extension.swift */ = {isa = PBXFileReference; lastKnownFileType = sourcecode.swift; path = "Date+Extension.swift"; sourceTree = "<group>"; };
		D6F0C6182AC8096B00EE99AF /* Observer.swift */ = {isa = PBXFileReference; lastKnownFileType = sourcecode.swift; path = Observer.swift; sourceTree = "<group>"; };
		D6F0C61A2AC8285000EE99AF /* DoitAddViewModel.swift */ = {isa = PBXFileReference; lastKnownFileType = sourcecode.swift; path = DoitAddViewModel.swift; sourceTree = "<group>"; };
/* End PBXFileReference section */

/* Begin PBXFrameworksBuildPhase section */
		D6D92EFF2AC031DF0074236E /* Frameworks */ = {
			isa = PBXFrameworksBuildPhase;
			buildActionMask = 2147483647;
			files = (
				D69B039F2AE15F5B0083D3B2 /* Zip in Frameworks */,
				D62B07852AC2B1BA002C7EAB /* Toast in Frameworks */,
				D62B077D2AC2B11B002C7EAB /* SnapKit in Frameworks */,
				D62B077A2AC2B10D002C7EAB /* Kingfisher in Frameworks */,
				D62B07802AC2B17F002C7EAB /* Realm in Frameworks */,
				D62B07822AC2B17F002C7EAB /* RealmSwift in Frameworks */,
				D69B03A82AE3FC6B0083D3B2 /* FirebaseCrashlytics in Frameworks */,
				D62B07772AC2B101002C7EAB /* FSCalendar in Frameworks */,
				D69B03A62AE3FC6B0083D3B2 /* FirebaseAnalyticsWithoutAdIdSupport in Frameworks */,
			);
			runOnlyForDeploymentPostprocessing = 0;
		};
/* End PBXFrameworksBuildPhase section */

/* Begin PBXGroup section */
		D62B07862AC2B22F002C7EAB /* TabBar */ = {
			isa = PBXGroup;
			children = (
				D62B07872AC2B252002C7EAB /* TabBarController.swift */,
			);
			path = TabBar;
			sourceTree = "<group>";
		};
		D62B07892AC2B732002C7EAB /* Home */ = {
			isa = PBXGroup;
			children = (
				D6835B4A2AC9CC5800B0A488 /* View */,
				D6835B4B2AC9CC6200B0A488 /* ViewModel */,
			);
			path = Home;
			sourceTree = "<group>";
		};
		D62B078C2AC2BA31002C7EAB /* Cell */ = {
			isa = PBXGroup;
			children = (
				D6835B482AC8900E00B0A488 /* DoitCollectionViewCell.swift */,
				D6835B582ACAE70F00B0A488 /* TodoCollectionViewCell.swift */,
				D6835B5A2ACAE71A00B0A488 /* MemoCollectionViewCell.swift */,
				D64BDD2A2AD2DB7900C4F6FB /* DoitDetailTableViewCell.swift */,
				D6EE245F2AE029EE00D7425F /* NotDataCollectionViewCell.swift */,
			);
			path = Cell;
			sourceTree = "<group>";
		};
		D62B078D2AC33C7F002C7EAB /* Component */ = {
			isa = PBXGroup;
			children = (
				D64BDD3C2AD6788000C4F6FB /* View */,
				D6835B5C2ACAE8D500B0A488 /* Design */,
				D62B078C2AC2BA31002C7EAB /* Cell */,
			);
			path = Component;
			sourceTree = "<group>";
		};
		D62B07902AC3E176002C7EAB /* Model */ = {
			isa = PBXGroup;
			children = (
				D62B07912AC3E1A5002C7EAB /* DoIt.swift */,
				D62B07932AC3E96A002C7EAB /* Memo.swift */,
				D62B07952AC3E972002C7EAB /* Todo.swift */,
			);
			path = Model;
			sourceTree = "<group>";
		};
		D62B07972AC3EAB5002C7EAB /* Service */ = {
			isa = PBXGroup;
			children = (
				D6A80F1A2AD859FB00364CF5 /* DoitRepository.swift */,
				D6A80F1C2AD85DEA00364CF5 /* TodoRepository.swift */,
				D6A80F1E2AD85DF200364CF5 /* MemoRepository.swift */,
			);
			path = Service;
			sourceTree = "<group>";
		};
		D62B079A2AC45599002C7EAB /* Scene */ = {
			isa = PBXGroup;
			children = (
				D69B03972AE0FC100083D3B2 /* Setting */,
				D62B079E2AC45804002C7EAB /* Base */,
				D62B07862AC2B22F002C7EAB /* TabBar */,
				D62B07892AC2B732002C7EAB /* Home */,
				D62B079B2AC45600002C7EAB /* Doit */,
				D64BDCE42ACC05EF00C4F6FB /* Todo */,
				D6A80F242ADAEB3200364CF5 /* Memo */,
			);
			path = Scene;
			sourceTree = "<group>";
		};
		D62B079B2AC45600002C7EAB /* Doit */ = {
			isa = PBXGroup;
			children = (
				D64BDD3D2AD6DAC000C4F6FB /* Complete */,
				D6835B452AC882D900B0A488 /* Add */,
				D6835B512ACA79E200B0A488 /* List */,
				D64BDD232AD1799000C4F6FB /* Detail */,
			);
			path = Doit;
			sourceTree = "<group>";
		};
		D62B079E2AC45804002C7EAB /* Base */ = {
			isa = PBXGroup;
			children = (
				D62B079F2AC45813002C7EAB /* BaseViewController.swift */,
				D62B07A12AC4581A002C7EAB /* BaseView.swift */,
				D62B07A32AC4584A002C7EAB /* BaseCollectionViewCell.swift */,
			);
			path = Base;
			sourceTree = "<group>";
		};
		D64BDCE42ACC05EF00C4F6FB /* Todo */ = {
			isa = PBXGroup;
			children = (
				D64BDCE52ACC062200C4F6FB /* Add */,
				D64BDD1C2ACF41D400C4F6FB /* List */,
				D64BDD332AD59A1700C4F6FB /* Detail */,
			);
			path = Todo;
			sourceTree = "<group>";
		};
		D64BDCE52ACC062200C4F6FB /* Add */ = {
			isa = PBXGroup;
			children = (
				D64BDD112ACD61F000C4F6FB /* ViewModel */,
				D64BDD102ACD61E800C4F6FB /* View */,
			);
			path = Add;
			sourceTree = "<group>";
		};
		D64BDD102ACD61E800C4F6FB /* View */ = {
			isa = PBXGroup;
			children = (
				D64BDCE62ACC063200C4F6FB /* TodoAddViewController.swift */,
			);
			path = View;
			sourceTree = "<group>";
		};
		D64BDD112ACD61F000C4F6FB /* ViewModel */ = {
			isa = PBXGroup;
			children = (
				D64BDD122ACD61F900C4F6FB /* TodoAddViewModel.swift */,
			);
			path = ViewModel;
			sourceTree = "<group>";
		};
		D64BDD1C2ACF41D400C4F6FB /* List */ = {
			isa = PBXGroup;
			children = (
				D64BDD1E2ACF41EA00C4F6FB /* ViewModel */,
				D64BDD1D2ACF41E400C4F6FB /* View */,
			);
			path = List;
			sourceTree = "<group>";
		};
		D64BDD1D2ACF41E400C4F6FB /* View */ = {
			isa = PBXGroup;
			children = (
				D64BDD212ACF420600C4F6FB /* TodoListViewController.swift */,
			);
			path = View;
			sourceTree = "<group>";
		};
		D64BDD1E2ACF41EA00C4F6FB /* ViewModel */ = {
			isa = PBXGroup;
			children = (
				D64BDD1F2ACF41F800C4F6FB /* TodoListViewModel.swift */,
			);
			path = ViewModel;
			sourceTree = "<group>";
		};
		D64BDD232AD1799000C4F6FB /* Detail */ = {
			isa = PBXGroup;
			children = (
				D64BDD2F2AD3361900C4F6FB /* View */,
				D64BDD2E2AD3360F00C4F6FB /* Viewmodel */,
			);
			path = Detail;
			sourceTree = "<group>";
		};
		D64BDD2E2AD3360F00C4F6FB /* Viewmodel */ = {
			isa = PBXGroup;
			children = (
				D64BDD302AD339FC00C4F6FB /* DoitDetailViewModel.swift */,
			);
			path = Viewmodel;
			sourceTree = "<group>";
		};
		D64BDD2F2AD3361900C4F6FB /* View */ = {
			isa = PBXGroup;
			children = (
				D64BDD242AD17D0D00C4F6FB /* DoitDetailViewController.swift */,
				D64BDD262AD1BCC900C4F6FB /* DoitDetailView.swift */,
			);
			path = View;
			sourceTree = "<group>";
		};
		D64BDD332AD59A1700C4F6FB /* Detail */ = {
			isa = PBXGroup;
			children = (
				D64BDD392AD675DE00C4F6FB /* ViewModel */,
				D64BDD362AD5C74800C4F6FB /* View */,
			);
			path = Detail;
			sourceTree = "<group>";
		};
		D64BDD362AD5C74800C4F6FB /* View */ = {
			isa = PBXGroup;
			children = (
				D64BDD342AD5C58F00C4F6FB /* TodoDetailViewController.swift */,
				D64BDD372AD5C75400C4F6FB /* TodoDetailView.swift */,
			);
			path = View;
			sourceTree = "<group>";
		};
		D64BDD392AD675DE00C4F6FB /* ViewModel */ = {
			isa = PBXGroup;
			children = (
				D64BDD3A2AD675EE00C4F6FB /* TodoDetailViewModel.swift */,
			);
			path = ViewModel;
			sourceTree = "<group>";
		};
		D64BDD3C2AD6788000C4F6FB /* View */ = {
			isa = PBXGroup;
			children = (
				D62B078E2AC33CE3002C7EAB /* ListCollectionViewHeaderView.swift */,
				D64BDD282AD2BC9300C4F6FB /* CircularProgressView.swift */,
			);
			path = View;
			sourceTree = "<group>";
		};
		D64BDD3D2AD6DAC000C4F6FB /* Complete */ = {
			isa = PBXGroup;
			children = (
				D64BDD3E2AD6DADA00C4F6FB /* Add */,
			);
			path = Complete;
			sourceTree = "<group>";
		};
		D64BDD3E2AD6DADA00C4F6FB /* Add */ = {
			isa = PBXGroup;
			children = (
				D6A80F172AD8426000364CF5 /* ViewModel */,
				D6A80F162AD8425700364CF5 /* View */,
			);
			path = Add;
			sourceTree = "<group>";
		};
		D6835B452AC882D900B0A488 /* Add */ = {
			isa = PBXGroup;
			children = (
				D6835B462AC882E700B0A488 /* View */,
				D6835B472AC882ED00B0A488 /* ViewModel */,
			);
			path = Add;
			sourceTree = "<group>";
		};
		D6835B462AC882E700B0A488 /* View */ = {
			isa = PBXGroup;
			children = (
				D62B079C2AC456B5002C7EAB /* DoitAddViewController.swift */,
				D62B07A52AC48D9F002C7EAB /* DoitAddView.swift */,
			);
			path = View;
			sourceTree = "<group>";
		};
		D6835B472AC882ED00B0A488 /* ViewModel */ = {
			isa = PBXGroup;
			children = (
				D6F0C61A2AC8285000EE99AF /* DoitAddViewModel.swift */,
			);
			path = ViewModel;
			sourceTree = "<group>";
		};
		D6835B4A2AC9CC5800B0A488 /* View */ = {
			isa = PBXGroup;
			children = (
				D6D92F092AC031DF0074236E /* HomeViewController.swift */,
			);
			path = View;
			sourceTree = "<group>";
		};
		D6835B4B2AC9CC6200B0A488 /* ViewModel */ = {
			isa = PBXGroup;
			children = (
				D6835B4C2AC9CC7500B0A488 /* HomeViewModel.swift */,
			);
			path = ViewModel;
			sourceTree = "<group>";
		};
		D6835B4E2AC9CCB000B0A488 /* Enum */ = {
			isa = PBXGroup;
			children = (
				D6835B4F2AC9CCC200B0A488 /* SectionType.swift */,
			);
			path = Enum;
			sourceTree = "<group>";
		};
		D6835B512ACA79E200B0A488 /* List */ = {
			isa = PBXGroup;
			children = (
				D6835B522ACA79E800B0A488 /* View */,
				D6835B532ACA79EF00B0A488 /* ViewModel */,
			);
			path = List;
			sourceTree = "<group>";
		};
		D6835B522ACA79E800B0A488 /* View */ = {
			isa = PBXGroup;
			children = (
				D6835B562ACA7BE000B0A488 /* DoitListViewController.swift */,
			);
			path = View;
			sourceTree = "<group>";
		};
		D6835B532ACA79EF00B0A488 /* ViewModel */ = {
			isa = PBXGroup;
			children = (
				D6835B542ACA7BCE00B0A488 /* DoitListViewModel.swift */,
			);
			path = ViewModel;
			sourceTree = "<group>";
		};
		D6835B5C2ACAE8D500B0A488 /* Design */ = {
			isa = PBXGroup;
			children = (
				D6835B5D2ACAE8EF00B0A488 /* Design.swift */,
			);
			path = Design;
			sourceTree = "<group>";
		};
		D6835B5F2ACB269D00B0A488 /* Protocol */ = {
			isa = PBXGroup;
			children = (
				D64BDD1A2ACF350400C4F6FB /* ModalPresentDelegate.swift */,
				D64BDD2C2AD2FC8E00C4F6FB /* ReusableProtocol.swift */,
				D62B07982AC3EB1E002C7EAB /* RepositoryTypeProtocol.swift */,
			);
			path = Protocol;
			sourceTree = "<group>";
		};
		D69B03972AE0FC100083D3B2 /* Setting */ = {
			isa = PBXGroup;
			children = (
				D69B03982AE0FC1C0083D3B2 /* View */,
				D69B039B2AE0FC3A0083D3B2 /* SettingEnum.swift */,
			);
			path = Setting;
			sourceTree = "<group>";
		};
		D69B03982AE0FC1C0083D3B2 /* View */ = {
			isa = PBXGroup;
			children = (
				D69B03992AE0FC2F0083D3B2 /* SettingViewController.swift */,
			);
			path = View;
			sourceTree = "<group>";
		};
		D6A80F162AD8425700364CF5 /* View */ = {
			isa = PBXGroup;
			children = (
				D64BDD3F2AD6DDAF00C4F6FB /* DoitCompleteAddViewController.swift */,
				D64BDD412AD6DDBD00C4F6FB /* DoitCompleteAddView.swift */,
			);
			path = View;
			sourceTree = "<group>";
		};
		D6A80F172AD8426000364CF5 /* ViewModel */ = {
			isa = PBXGroup;
			children = (
				D6A80F182AD8541100364CF5 /* DoitCompleteAddViewModel.swift */,
			);
			path = ViewModel;
			sourceTree = "<group>";
		};
		D6A80F242ADAEB3200364CF5 /* Memo */ = {
			isa = PBXGroup;
			children = (
				D6A80F252ADAEB9800364CF5 /* Add */,
			);
			path = Memo;
			sourceTree = "<group>";
		};
		D6A80F252ADAEB9800364CF5 /* Add */ = {
			isa = PBXGroup;
			children = (
				D6A80F2C2ADAF9D400364CF5 /* ViewModel */,
				D6A80F262ADAEBAB00364CF5 /* View */,
			);
			path = Add;
			sourceTree = "<group>";
		};
		D6A80F262ADAEBAB00364CF5 /* View */ = {
			isa = PBXGroup;
			children = (
				D6A80F272ADAEC3B00364CF5 /* MemoAddView.swift */,
				D6A80F2A2ADAED4C00364CF5 /* MemoAddViewController.swift */,
			);
			path = View;
			sourceTree = "<group>";
		};
		D6A80F2C2ADAF9D400364CF5 /* ViewModel */ = {
			isa = PBXGroup;
			children = (
				D6A80F2D2ADAF9E000364CF5 /* MemoAddViewModel.swift */,
			);
			path = ViewModel;
			sourceTree = "<group>";
		};
		D6D92EF92AC031DF0074236E = {
			isa = PBXGroup;
			children = (
				D6D92F042AC031DF0074236E /* TodoDoIt */,
				D6D92F032AC031DF0074236E /* Products */,
			);
			sourceTree = "<group>";
		};
		D6D92F032AC031DF0074236E /* Products */ = {
			isa = PBXGroup;
			children = (
				D6D92F022AC031DF0074236E /* TodoDoIt.app */,
			);
			name = Products;
			sourceTree = "<group>";
		};
		D6D92F042AC031DF0074236E /* TodoDoIt */ = {
			isa = PBXGroup;
			children = (
				D6F0C6172AC8092400EE99AF /* Helper */,
				D6835B5F2ACB269D00B0A488 /* Protocol */,
				D6F0C6142AC5B59F00EE99AF /* Extension */,
				D6835B4E2AC9CCB000B0A488 /* Enum */,
				D62B07972AC3EAB5002C7EAB /* Service */,
				D62B079A2AC45599002C7EAB /* Scene */,
				D62B07902AC3E176002C7EAB /* Model */,
				D62B078D2AC33C7F002C7EAB /* Component */,
				D6D92F052AC031DF0074236E /* AppDelegate.swift */,
				D6D92F072AC031DF0074236E /* SceneDelegate.swift */,
				D6D92F0E2AC031E00074236E /* Assets.xcassets */,
				D6D92F102AC031E00074236E /* LaunchScreen.storyboard */,
				D6D92F132AC031E00074236E /* Info.plist */,
				D69B03A02AE3FAC20083D3B2 /* .gitIgnore */,
				D69B03B72AEA43F50083D3B2 /* GoogleService-Info.plist */,
			);
			path = TodoDoIt;
			sourceTree = "<group>";
		};
		D6F0C6142AC5B59F00EE99AF /* Extension */ = {
			isa = PBXGroup;
			children = (
				D6F0C6152AC5B5B100EE99AF /* Date+Extension.swift */,
				D64BDD142ACDAF2400C4F6FB /* String+Extension.swift */,
				D64BDD182ACF0A5800C4F6FB /* UIView+Extension.swift */,
				D6A80F202AD870DC00364CF5 /* FileManager + Extension.swift */,
				D6A80F222AD87BA100364CF5 /* UIImage+Extension.swift */,
			);
			path = Extension;
			sourceTree = "<group>";
		};
		D6F0C6172AC8092400EE99AF /* Helper */ = {
			isa = PBXGroup;
			children = (
				D6F0C6182AC8096B00EE99AF /* Observer.swift */,
			);
			path = Helper;
			sourceTree = "<group>";
		};
/* End PBXGroup section */

/* Begin PBXNativeTarget section */
		D6D92F012AC031DF0074236E /* TodoDoIt */ = {
			isa = PBXNativeTarget;
			buildConfigurationList = D6D92F162AC031E00074236E /* Build configuration list for PBXNativeTarget "TodoDoIt" */;
			buildPhases = (
				D6D92EFE2AC031DF0074236E /* Sources */,
				D6D92EFF2AC031DF0074236E /* Frameworks */,
				D6D92F002AC031DF0074236E /* Resources */,
				D69B03A92AE3FD170083D3B2 /* ShellScript */,
			);
			buildRules = (
			);
			dependencies = (
			);
			name = TodoDoIt;
			packageProductDependencies = (
				D62B07762AC2B101002C7EAB /* FSCalendar */,
				D62B07792AC2B10D002C7EAB /* Kingfisher */,
				D62B077C2AC2B11B002C7EAB /* SnapKit */,
				D62B077F2AC2B17F002C7EAB /* Realm */,
				D62B07812AC2B17F002C7EAB /* RealmSwift */,
				D62B07842AC2B1BA002C7EAB /* Toast */,
				D69B039E2AE15F5B0083D3B2 /* Zip */,
				D69B03A52AE3FC6B0083D3B2 /* FirebaseAnalyticsWithoutAdIdSupport */,
				D69B03A72AE3FC6B0083D3B2 /* FirebaseCrashlytics */,
			);
			productName = TodoDoIt;
			productReference = D6D92F022AC031DF0074236E /* TodoDoIt.app */;
			productType = "com.apple.product-type.application";
		};
/* End PBXNativeTarget section */

/* Begin PBXProject section */
		D6D92EFA2AC031DF0074236E /* Project object */ = {
			isa = PBXProject;
			attributes = {
				BuildIndependentTargetsInParallel = 1;
				LastSwiftUpdateCheck = 1430;
				LastUpgradeCheck = 1430;
				TargetAttributes = {
					D6D92F012AC031DF0074236E = {
						CreatedOnToolsVersion = 14.3.1;
					};
				};
			};
			buildConfigurationList = D6D92EFD2AC031DF0074236E /* Build configuration list for PBXProject "TodoDoIt" */;
			compatibilityVersion = "Xcode 14.0";
			developmentRegion = en;
			hasScannedForEncodings = 0;
			knownRegions = (
				en,
				Base,
			);
			mainGroup = D6D92EF92AC031DF0074236E;
			packageReferences = (
				D62B07752AC2B101002C7EAB /* XCRemoteSwiftPackageReference "FSCalendar" */,
				D62B07782AC2B10D002C7EAB /* XCRemoteSwiftPackageReference "Kingfisher" */,
				D62B077B2AC2B11B002C7EAB /* XCRemoteSwiftPackageReference "SnapKit" */,
				D62B077E2AC2B17F002C7EAB /* XCRemoteSwiftPackageReference "realm-swift" */,
				D62B07832AC2B1BA002C7EAB /* XCRemoteSwiftPackageReference "Toast-Swift" */,
				D69B039D2AE15F5B0083D3B2 /* XCRemoteSwiftPackageReference "Zip" */,
				D69B03A42AE3FC6A0083D3B2 /* XCRemoteSwiftPackageReference "firebase-ios-sdk" */,
			);
			productRefGroup = D6D92F032AC031DF0074236E /* Products */;
			projectDirPath = "";
			projectRoot = "";
			targets = (
				D6D92F012AC031DF0074236E /* TodoDoIt */,
			);
		};
/* End PBXProject section */

/* Begin PBXResourcesBuildPhase section */
		D6D92F002AC031DF0074236E /* Resources */ = {
			isa = PBXResourcesBuildPhase;
			buildActionMask = 2147483647;
			files = (
				D6D92F122AC031E00074236E /* LaunchScreen.storyboard in Resources */,
				D69B03B82AEA43F50083D3B2 /* GoogleService-Info.plist in Resources */,
				D6D92F0F2AC031E00074236E /* Assets.xcassets in Resources */,
				D69B03A12AE3FAC20083D3B2 /* .gitIgnore in Resources */,
			);
			runOnlyForDeploymentPostprocessing = 0;
		};
/* End PBXResourcesBuildPhase section */

/* Begin PBXShellScriptBuildPhase section */
		D69B03A92AE3FD170083D3B2 /* ShellScript */ = {
			isa = PBXShellScriptBuildPhase;
			buildActionMask = 2147483647;
			files = (
			);
			inputFileListPaths = (
			);
			inputPaths = (
				"${DWARF_DSYM_FOLDER_PATH}/${DWARF_DSYM_FILE_NAME}",
				"${DWARF_DSYM_FOLDER_PATH}/${DWARF_DSYM_FILE_NAME}/Contents/Resources/DWARF/${PRODUCT_NAME}",
				"${DWARF_DSYM_FOLDER_PATH}/${DWARF_DSYM_FILE_NAME}/Contents/Info.plist",
				"$(TARGET_BUILD_DIR)/$(UNLOCALIZED_RESOURCES_FOLDER_PATH)/GoogleService-Info.plist",
				"$(TARGET_BUILD_DIR)/$(EXECUTABLE_PATH)",
			);
			outputFileListPaths = (
			);
			outputPaths = (
			);
			runOnlyForDeploymentPostprocessing = 0;
			shellPath = /bin/sh;
			shellScript = "# Type a script or drag a script file from your workspace to insert its path.\n\"${BUILD_DIR%/Build/*}/SourcePackages/checkouts/firebase-ios-sdk/Crashlytics/run\"\n";
		};
/* End PBXShellScriptBuildPhase section */

/* Begin PBXSourcesBuildPhase section */
		D6D92EFE2AC031DF0074236E /* Sources */ = {
			isa = PBXSourcesBuildPhase;
			buildActionMask = 2147483647;
			files = (
				D64BDD202ACF41F800C4F6FB /* TodoListViewModel.swift in Sources */,
				D6835B4D2AC9CC7500B0A488 /* HomeViewModel.swift in Sources */,
				D64BDD192ACF0A5800C4F6FB /* UIView+Extension.swift in Sources */,
				D64BDD292AD2BC9300C4F6FB /* CircularProgressView.swift in Sources */,
				D62B07942AC3E96B002C7EAB /* Memo.swift in Sources */,
				D64BDCE72ACC063200C4F6FB /* TodoAddViewController.swift in Sources */,
				D6835B592ACAE70F00B0A488 /* TodoCollectionViewCell.swift in Sources */,
				D6A80F1B2AD859FB00364CF5 /* DoitRepository.swift in Sources */,
				D6F0C61B2AC8285000EE99AF /* DoitAddViewModel.swift in Sources */,
				D6F0C6192AC8096B00EE99AF /* Observer.swift in Sources */,
				D64BDD222ACF420600C4F6FB /* TodoListViewController.swift in Sources */,
				D6D92F0A2AC031DF0074236E /* HomeViewController.swift in Sources */,
				D6A80F1F2AD85DF200364CF5 /* MemoRepository.swift in Sources */,
				D6835B492AC8900E00B0A488 /* DoitCollectionViewCell.swift in Sources */,
				D64BDD152ACDAF2400C4F6FB /* String+Extension.swift in Sources */,
				D62B07A62AC48D9F002C7EAB /* DoitAddView.swift in Sources */,
				D6A80F2E2ADAF9E000364CF5 /* MemoAddViewModel.swift in Sources */,
				D64BDD132ACD61F900C4F6FB /* TodoAddViewModel.swift in Sources */,
				D64BDD2D2AD2FC8E00C4F6FB /* ReusableProtocol.swift in Sources */,
				D6A80F1D2AD85DEA00364CF5 /* TodoRepository.swift in Sources */,
				D62B07A02AC45813002C7EAB /* BaseViewController.swift in Sources */,
				D6835B5E2ACAE8EF00B0A488 /* Design.swift in Sources */,
				D6EE24602AE029EE00D7425F /* NotDataCollectionViewCell.swift in Sources */,
				D69B039A2AE0FC2F0083D3B2 /* SettingViewController.swift in Sources */,
				D62B07A22AC4581A002C7EAB /* BaseView.swift in Sources */,
				D64BDD312AD339FC00C4F6FB /* DoitDetailViewModel.swift in Sources */,
				D6F0C6162AC5B5B100EE99AF /* Date+Extension.swift in Sources */,
				D62B07882AC2B252002C7EAB /* TabBarController.swift in Sources */,
				D6835B5B2ACAE71A00B0A488 /* MemoCollectionViewCell.swift in Sources */,
				D6A80F282ADAEC3B00364CF5 /* MemoAddView.swift in Sources */,
				D6A80F192AD8541100364CF5 /* DoitCompleteAddViewModel.swift in Sources */,
				D6A80F212AD870DC00364CF5 /* FileManager + Extension.swift in Sources */,
				D6835B502AC9CCC200B0A488 /* SectionType.swift in Sources */,
				D62B07962AC3E972002C7EAB /* Todo.swift in Sources */,
				D64BDD402AD6DDAF00C4F6FB /* DoitCompleteAddViewController.swift in Sources */,
				D62B079D2AC456B5002C7EAB /* DoitAddViewController.swift in Sources */,
				D69B039C2AE0FC3A0083D3B2 /* SettingEnum.swift in Sources */,
				D6835B552ACA7BCE00B0A488 /* DoitListViewModel.swift in Sources */,
				D6D92F062AC031DF0074236E /* AppDelegate.swift in Sources */,
				D64BDD3B2AD675EE00C4F6FB /* TodoDetailViewModel.swift in Sources */,
				D64BDD2B2AD2DB7900C4F6FB /* DoitDetailTableViewCell.swift in Sources */,
				D6A80F232AD87BA100364CF5 /* UIImage+Extension.swift in Sources */,
				D62B07922AC3E1A5002C7EAB /* DoIt.swift in Sources */,
				D64BDD1B2ACF350400C4F6FB /* ModalPresentDelegate.swift in Sources */,
				D6D92F082AC031DF0074236E /* SceneDelegate.swift in Sources */,
				D6835B572ACA7BE000B0A488 /* DoitListViewController.swift in Sources */,
				D64BDD252AD17D0D00C4F6FB /* DoitDetailViewController.swift in Sources */,
				D62B078F2AC33CE3002C7EAB /* ListCollectionViewHeaderView.swift in Sources */,
				D64BDD382AD5C75400C4F6FB /* TodoDetailView.swift in Sources */,
				D64BDD422AD6DDBD00C4F6FB /* DoitCompleteAddView.swift in Sources */,
				D64BDD272AD1BCC900C4F6FB /* DoitDetailView.swift in Sources */,
				D6A80F2B2ADAED4C00364CF5 /* MemoAddViewController.swift in Sources */,
				D62B07A42AC4584A002C7EAB /* BaseCollectionViewCell.swift in Sources */,
				D62B07992AC3EB1E002C7EAB /* RepositoryTypeProtocol.swift in Sources */,
				D64BDD352AD5C58F00C4F6FB /* TodoDetailViewController.swift in Sources */,
			);
			runOnlyForDeploymentPostprocessing = 0;
		};
/* End PBXSourcesBuildPhase section */

/* Begin PBXVariantGroup section */
		D6D92F102AC031E00074236E /* LaunchScreen.storyboard */ = {
			isa = PBXVariantGroup;
			children = (
				D6D92F112AC031E00074236E /* Base */,
			);
			name = LaunchScreen.storyboard;
			sourceTree = "<group>";
		};
/* End PBXVariantGroup section */

/* Begin XCBuildConfiguration section */
		D6D92F142AC031E00074236E /* Debug */ = {
			isa = XCBuildConfiguration;
			buildSettings = {
				ALWAYS_SEARCH_USER_PATHS = NO;
				CLANG_ANALYZER_NONNULL = YES;
				CLANG_ANALYZER_NUMBER_OBJECT_CONVERSION = YES_AGGRESSIVE;
				CLANG_CXX_LANGUAGE_STANDARD = "gnu++20";
				CLANG_ENABLE_MODULES = YES;
				CLANG_ENABLE_OBJC_ARC = YES;
				CLANG_ENABLE_OBJC_WEAK = YES;
				CLANG_WARN_BLOCK_CAPTURE_AUTORELEASING = YES;
				CLANG_WARN_BOOL_CONVERSION = YES;
				CLANG_WARN_COMMA = YES;
				CLANG_WARN_CONSTANT_CONVERSION = YES;
				CLANG_WARN_DEPRECATED_OBJC_IMPLEMENTATIONS = YES;
				CLANG_WARN_DIRECT_OBJC_ISA_USAGE = YES_ERROR;
				CLANG_WARN_DOCUMENTATION_COMMENTS = YES;
				CLANG_WARN_EMPTY_BODY = YES;
				CLANG_WARN_ENUM_CONVERSION = YES;
				CLANG_WARN_INFINITE_RECURSION = YES;
				CLANG_WARN_INT_CONVERSION = YES;
				CLANG_WARN_NON_LITERAL_NULL_CONVERSION = YES;
				CLANG_WARN_OBJC_IMPLICIT_RETAIN_SELF = YES;
				CLANG_WARN_OBJC_LITERAL_CONVERSION = YES;
				CLANG_WARN_OBJC_ROOT_CLASS = YES_ERROR;
				CLANG_WARN_QUOTED_INCLUDE_IN_FRAMEWORK_HEADER = YES;
				CLANG_WARN_RANGE_LOOP_ANALYSIS = YES;
				CLANG_WARN_STRICT_PROTOTYPES = YES;
				CLANG_WARN_SUSPICIOUS_MOVE = YES;
				CLANG_WARN_UNGUARDED_AVAILABILITY = YES_AGGRESSIVE;
				CLANG_WARN_UNREACHABLE_CODE = YES;
				CLANG_WARN__DUPLICATE_METHOD_MATCH = YES;
				COPY_PHASE_STRIP = NO;
				DEBUG_INFORMATION_FORMAT = "dwarf-with-dsym";
				ENABLE_STRICT_OBJC_MSGSEND = YES;
				ENABLE_TESTABILITY = YES;
				GCC_C_LANGUAGE_STANDARD = gnu11;
				GCC_DYNAMIC_NO_PIC = NO;
				GCC_NO_COMMON_BLOCKS = YES;
				GCC_OPTIMIZATION_LEVEL = 0;
				GCC_PREPROCESSOR_DEFINITIONS = (
					"DEBUG=1",
					"$(inherited)",
				);
				GCC_WARN_64_TO_32_BIT_CONVERSION = YES;
				GCC_WARN_ABOUT_RETURN_TYPE = YES_ERROR;
				GCC_WARN_UNDECLARED_SELECTOR = YES;
				GCC_WARN_UNINITIALIZED_AUTOS = YES_AGGRESSIVE;
				GCC_WARN_UNUSED_FUNCTION = YES;
				GCC_WARN_UNUSED_VARIABLE = YES;
				IPHONEOS_DEPLOYMENT_TARGET = 15.0;
				MTL_ENABLE_DEBUG_INFO = INCLUDE_SOURCE;
				MTL_FAST_MATH = YES;
				ONLY_ACTIVE_ARCH = YES;
				SDKROOT = iphoneos;
				SWIFT_ACTIVE_COMPILATION_CONDITIONS = DEBUG;
				SWIFT_OPTIMIZATION_LEVEL = "-Onone";
			};
			name = Debug;
		};
		D6D92F152AC031E00074236E /* Release */ = {
			isa = XCBuildConfiguration;
			buildSettings = {
				ALWAYS_SEARCH_USER_PATHS = NO;
				CLANG_ANALYZER_NONNULL = YES;
				CLANG_ANALYZER_NUMBER_OBJECT_CONVERSION = YES_AGGRESSIVE;
				CLANG_CXX_LANGUAGE_STANDARD = "gnu++20";
				CLANG_ENABLE_MODULES = YES;
				CLANG_ENABLE_OBJC_ARC = YES;
				CLANG_ENABLE_OBJC_WEAK = YES;
				CLANG_WARN_BLOCK_CAPTURE_AUTORELEASING = YES;
				CLANG_WARN_BOOL_CONVERSION = YES;
				CLANG_WARN_COMMA = YES;
				CLANG_WARN_CONSTANT_CONVERSION = YES;
				CLANG_WARN_DEPRECATED_OBJC_IMPLEMENTATIONS = YES;
				CLANG_WARN_DIRECT_OBJC_ISA_USAGE = YES_ERROR;
				CLANG_WARN_DOCUMENTATION_COMMENTS = YES;
				CLANG_WARN_EMPTY_BODY = YES;
				CLANG_WARN_ENUM_CONVERSION = YES;
				CLANG_WARN_INFINITE_RECURSION = YES;
				CLANG_WARN_INT_CONVERSION = YES;
				CLANG_WARN_NON_LITERAL_NULL_CONVERSION = YES;
				CLANG_WARN_OBJC_IMPLICIT_RETAIN_SELF = YES;
				CLANG_WARN_OBJC_LITERAL_CONVERSION = YES;
				CLANG_WARN_OBJC_ROOT_CLASS = YES_ERROR;
				CLANG_WARN_QUOTED_INCLUDE_IN_FRAMEWORK_HEADER = YES;
				CLANG_WARN_RANGE_LOOP_ANALYSIS = YES;
				CLANG_WARN_STRICT_PROTOTYPES = YES;
				CLANG_WARN_SUSPICIOUS_MOVE = YES;
				CLANG_WARN_UNGUARDED_AVAILABILITY = YES_AGGRESSIVE;
				CLANG_WARN_UNREACHABLE_CODE = YES;
				CLANG_WARN__DUPLICATE_METHOD_MATCH = YES;
				COPY_PHASE_STRIP = NO;
				DEBUG_INFORMATION_FORMAT = "dwarf-with-dsym";
				ENABLE_NS_ASSERTIONS = NO;
				ENABLE_STRICT_OBJC_MSGSEND = YES;
				GCC_C_LANGUAGE_STANDARD = gnu11;
				GCC_NO_COMMON_BLOCKS = YES;
				GCC_WARN_64_TO_32_BIT_CONVERSION = YES;
				GCC_WARN_ABOUT_RETURN_TYPE = YES_ERROR;
				GCC_WARN_UNDECLARED_SELECTOR = YES;
				GCC_WARN_UNINITIALIZED_AUTOS = YES_AGGRESSIVE;
				GCC_WARN_UNUSED_FUNCTION = YES;
				GCC_WARN_UNUSED_VARIABLE = YES;
				IPHONEOS_DEPLOYMENT_TARGET = 15.0;
				MTL_ENABLE_DEBUG_INFO = NO;
				MTL_FAST_MATH = YES;
				SDKROOT = iphoneos;
				SWIFT_COMPILATION_MODE = wholemodule;
				SWIFT_OPTIMIZATION_LEVEL = "-O";
				VALIDATE_PRODUCT = YES;
			};
			name = Release;
		};
		D6D92F172AC031E00074236E /* Debug */ = {
			isa = XCBuildConfiguration;
			buildSettings = {
				ASSETCATALOG_COMPILER_APPICON_NAME = AppIcon;
				ASSETCATALOG_COMPILER_GLOBAL_ACCENT_COLOR_NAME = AccentColor;
				CODE_SIGN_STYLE = Automatic;
				CURRENT_PROJECT_VERSION = 1;
				DEVELOPMENT_TEAM = Y7C6A3W353;
				GENERATE_INFOPLIST_FILE = YES;
				INFOPLIST_FILE = TodoDoIt/Info.plist;
				INFOPLIST_KEY_CFBundleDisplayName = TodoDoIt;
				INFOPLIST_KEY_UIApplicationSupportsIndirectInputEvents = YES;
				INFOPLIST_KEY_UILaunchStoryboardName = LaunchScreen;
				INFOPLIST_KEY_UISupportedInterfaceOrientations = UIInterfaceOrientationPortrait;
				INFOPLIST_KEY_UISupportedInterfaceOrientations_iPad = "UIInterfaceOrientationLandscapeLeft UIInterfaceOrientationLandscapeRight UIInterfaceOrientationPortrait UIInterfaceOrientationPortraitUpsideDown";
				IPHONEOS_DEPLOYMENT_TARGET = 15.0;
				LD_RUNPATH_SEARCH_PATHS = (
					"$(inherited)",
					"@executable_path/Frameworks",
				);
				MARKETING_VERSION = 1.0;
				PRODUCT_BUNDLE_IDENTIFIER = com.sangnam.TodoDoIt2;
				PRODUCT_NAME = "$(TARGET_NAME)";
				SUPPORTED_PLATFORMS = "iphoneos iphonesimulator";
				SUPPORTS_MACCATALYST = NO;
				SUPPORTS_MAC_DESIGNED_FOR_IPHONE_IPAD = NO;
				SWIFT_EMIT_LOC_STRINGS = YES;
				SWIFT_VERSION = 5.0;
				TARGETED_DEVICE_FAMILY = 1;
			};
			name = Debug;
		};
		D6D92F182AC031E00074236E /* Release */ = {
			isa = XCBuildConfiguration;
			buildSettings = {
				ASSETCATALOG_COMPILER_APPICON_NAME = AppIcon;
				ASSETCATALOG_COMPILER_GLOBAL_ACCENT_COLOR_NAME = AccentColor;
				CODE_SIGN_STYLE = Automatic;
				CURRENT_PROJECT_VERSION = 1;
				DEVELOPMENT_TEAM = Y7C6A3W353;
				GENERATE_INFOPLIST_FILE = YES;
				INFOPLIST_FILE = TodoDoIt/Info.plist;
				INFOPLIST_KEY_CFBundleDisplayName = TodoDoIt;
				INFOPLIST_KEY_UIApplicationSupportsIndirectInputEvents = YES;
				INFOPLIST_KEY_UILaunchStoryboardName = LaunchScreen;
				INFOPLIST_KEY_UISupportedInterfaceOrientations = UIInterfaceOrientationPortrait;
				INFOPLIST_KEY_UISupportedInterfaceOrientations_iPad = "UIInterfaceOrientationLandscapeLeft UIInterfaceOrientationLandscapeRight UIInterfaceOrientationPortrait UIInterfaceOrientationPortraitUpsideDown";
				IPHONEOS_DEPLOYMENT_TARGET = 15.0;
				LD_RUNPATH_SEARCH_PATHS = (
					"$(inherited)",
					"@executable_path/Frameworks",
				);
				MARKETING_VERSION = 1.0;
				PRODUCT_BUNDLE_IDENTIFIER = com.sangnam.TodoDoIt2;
				PRODUCT_NAME = "$(TARGET_NAME)";
				SUPPORTED_PLATFORMS = "iphoneos iphonesimulator";
				SUPPORTS_MACCATALYST = NO;
				SUPPORTS_MAC_DESIGNED_FOR_IPHONE_IPAD = NO;
				SWIFT_EMIT_LOC_STRINGS = YES;
				SWIFT_VERSION = 5.0;
				TARGETED_DEVICE_FAMILY = 1;
			};
			name = Release;
		};
/* End XCBuildConfiguration section */

/* Begin XCConfigurationList section */
		D6D92EFD2AC031DF0074236E /* Build configuration list for PBXProject "TodoDoIt" */ = {
			isa = XCConfigurationList;
			buildConfigurations = (
				D6D92F142AC031E00074236E /* Debug */,
				D6D92F152AC031E00074236E /* Release */,
			);
			defaultConfigurationIsVisible = 0;
			defaultConfigurationName = Release;
		};
		D6D92F162AC031E00074236E /* Build configuration list for PBXNativeTarget "TodoDoIt" */ = {
			isa = XCConfigurationList;
			buildConfigurations = (
				D6D92F172AC031E00074236E /* Debug */,
				D6D92F182AC031E00074236E /* Release */,
			);
			defaultConfigurationIsVisible = 0;
			defaultConfigurationName = Release;
		};
/* End XCConfigurationList section */

/* Begin XCRemoteSwiftPackageReference section */
		D62B07752AC2B101002C7EAB /* XCRemoteSwiftPackageReference "FSCalendar" */ = {
			isa = XCRemoteSwiftPackageReference;
			repositoryURL = "https://github.com/WenchaoD/FSCalendar.git";
			requirement = {
				kind = upToNextMajorVersion;
				minimumVersion = 2.0.0;
			};
		};
		D62B07782AC2B10D002C7EAB /* XCRemoteSwiftPackageReference "Kingfisher" */ = {
			isa = XCRemoteSwiftPackageReference;
			repositoryURL = "https://github.com/onevcat/Kingfisher.git";
			requirement = {
				kind = upToNextMajorVersion;
				minimumVersion = 7.0.0;
			};
		};
		D62B077B2AC2B11B002C7EAB /* XCRemoteSwiftPackageReference "SnapKit" */ = {
			isa = XCRemoteSwiftPackageReference;
			repositoryURL = "https://github.com/SnapKit/SnapKit.git";
			requirement = {
				kind = upToNextMajorVersion;
				minimumVersion = 5.0.0;
			};
		};
		D62B077E2AC2B17F002C7EAB /* XCRemoteSwiftPackageReference "realm-swift" */ = {
			isa = XCRemoteSwiftPackageReference;
			repositoryURL = "https://github.com/realm/realm-swift.git";
			requirement = {
				kind = exactVersion;
				version = 10.42.4;
			};
		};
		D62B07832AC2B1BA002C7EAB /* XCRemoteSwiftPackageReference "Toast-Swift" */ = {
			isa = XCRemoteSwiftPackageReference;
			repositoryURL = "https://github.com/scalessec/Toast-Swift.git";
			requirement = {
				kind = upToNextMajorVersion;
				minimumVersion = 5.0.0;
			};
		};
		D69B039D2AE15F5B0083D3B2 /* XCRemoteSwiftPackageReference "Zip" */ = {
			isa = XCRemoteSwiftPackageReference;
			repositoryURL = "https://github.com/marmelroy/Zip.git";
			requirement = {
				kind = upToNextMajorVersion;
				minimumVersion = 2.0.0;
			};
		};
		D69B03A42AE3FC6A0083D3B2 /* XCRemoteSwiftPackageReference "firebase-ios-sdk" */ = {
			isa = XCRemoteSwiftPackageReference;
			repositoryURL = "https://github.com/firebase/firebase-ios-sdk";
			requirement = {
				kind = upToNextMajorVersion;
				minimumVersion = 10.0.0;
			};
		};
/* End XCRemoteSwiftPackageReference section */

/* Begin XCSwiftPackageProductDependency section */
		D62B07762AC2B101002C7EAB /* FSCalendar */ = {
			isa = XCSwiftPackageProductDependency;
			package = D62B07752AC2B101002C7EAB /* XCRemoteSwiftPackageReference "FSCalendar" */;
			productName = FSCalendar;
		};
		D62B07792AC2B10D002C7EAB /* Kingfisher */ = {
			isa = XCSwiftPackageProductDependency;
			package = D62B07782AC2B10D002C7EAB /* XCRemoteSwiftPackageReference "Kingfisher" */;
			productName = Kingfisher;
		};
		D62B077C2AC2B11B002C7EAB /* SnapKit */ = {
			isa = XCSwiftPackageProductDependency;
			package = D62B077B2AC2B11B002C7EAB /* XCRemoteSwiftPackageReference "SnapKit" */;
			productName = SnapKit;
		};
		D62B077F2AC2B17F002C7EAB /* Realm */ = {
			isa = XCSwiftPackageProductDependency;
			package = D62B077E2AC2B17F002C7EAB /* XCRemoteSwiftPackageReference "realm-swift" */;
			productName = Realm;
		};
		D62B07812AC2B17F002C7EAB /* RealmSwift */ = {
			isa = XCSwiftPackageProductDependency;
			package = D62B077E2AC2B17F002C7EAB /* XCRemoteSwiftPackageReference "realm-swift" */;
			productName = RealmSwift;
		};
		D62B07842AC2B1BA002C7EAB /* Toast */ = {
			isa = XCSwiftPackageProductDependency;
			package = D62B07832AC2B1BA002C7EAB /* XCRemoteSwiftPackageReference "Toast-Swift" */;
			productName = Toast;
		};
		D69B039E2AE15F5B0083D3B2 /* Zip */ = {
			isa = XCSwiftPackageProductDependency;
			package = D69B039D2AE15F5B0083D3B2 /* XCRemoteSwiftPackageReference "Zip" */;
			productName = Zip;
		};
		D69B03A52AE3FC6B0083D3B2 /* FirebaseAnalyticsWithoutAdIdSupport */ = {
			isa = XCSwiftPackageProductDependency;
			package = D69B03A42AE3FC6A0083D3B2 /* XCRemoteSwiftPackageReference "firebase-ios-sdk" */;
			productName = FirebaseAnalyticsWithoutAdIdSupport;
		};
		D69B03A72AE3FC6B0083D3B2 /* FirebaseCrashlytics */ = {
			isa = XCSwiftPackageProductDependency;
			package = D69B03A42AE3FC6A0083D3B2 /* XCRemoteSwiftPackageReference "firebase-ios-sdk" */;
			productName = FirebaseCrashlytics;
		};
/* End XCSwiftPackageProductDependency section */
	};
	rootObject = D6D92EFA2AC031DF0074236E /* Project object */;
}
