// !$*UTF8*$!
{
	archiveVersion = 1;
	classes = {
	};
	objectVersion = 56;
	objects = {

/* Begin PBXBuildFile section */
		D62B07772AC2B101002C7EAB /* FSCalendar in Frameworks */ = {isa = PBXBuildFile; productRef = D62B07762AC2B101002C7EAB /* FSCalendar */; };
		D62B077A2AC2B10D002C7EAB /* Kingfisher in Frameworks */ = {isa = PBXBuildFile; productRef = D62B07792AC2B10D002C7EAB /* Kingfisher */; };
		D62B077D2AC2B11B002C7EAB /* SnapKit in Frameworks */ = {isa = PBXBuildFile; productRef = D62B077C2AC2B11B002C7EAB /* SnapKit */; };
		D62B07802AC2B17F002C7EAB /* Realm in Frameworks */ = {isa = PBXBuildFile; productRef = D62B077F2AC2B17F002C7EAB /* Realm */; };
		D62B07822AC2B17F002C7EAB /* RealmSwift in Frameworks */ = {isa = PBXBuildFile; productRef = D62B07812AC2B17F002C7EAB /* RealmSwift */; };
		D62B07852AC2B1BA002C7EAB /* Toast in Frameworks */ = {isa = PBXBuildFile; productRef = D62B07842AC2B1BA002C7EAB /* Toast */; };
		D62B07882AC2B252002C7EAB /* TabBarController.swift in Sources */ = {isa = PBXBuildFile; fileRef = D62B07872AC2B252002C7EAB /* TabBarController.swift */; };
		D62B078F2AC33CE3002C7EAB /* ListCollectionViewHeaderView.swift in Sources */ = {isa = PBXBuildFile; fileRef = D62B078E2AC33CE3002C7EAB /* ListCollectionViewHeaderView.swift */; };
		D6D92F062AC031DF0074236E /* AppDelegate.swift in Sources */ = {isa = PBXBuildFile; fileRef = D6D92F052AC031DF0074236E /* AppDelegate.swift */; };
		D6D92F082AC031DF0074236E /* SceneDelegate.swift in Sources */ = {isa = PBXBuildFile; fileRef = D6D92F072AC031DF0074236E /* SceneDelegate.swift */; };
		D6D92F0A2AC031DF0074236E /* HomeViewController.swift in Sources */ = {isa = PBXBuildFile; fileRef = D6D92F092AC031DF0074236E /* HomeViewController.swift */; };
		D6D92F0F2AC031E00074236E /* Assets.xcassets in Resources */ = {isa = PBXBuildFile; fileRef = D6D92F0E2AC031E00074236E /* Assets.xcassets */; };
		D6D92F122AC031E00074236E /* LaunchScreen.storyboard in Resources */ = {isa = PBXBuildFile; fileRef = D6D92F102AC031E00074236E /* LaunchScreen.storyboard */; };
/* End PBXBuildFile section */

/* Begin PBXFileReference section */
		D62B07872AC2B252002C7EAB /* TabBarController.swift */ = {isa = PBXFileReference; lastKnownFileType = sourcecode.swift; path = TabBarController.swift; sourceTree = "<group>"; };
		D62B078E2AC33CE3002C7EAB /* ListCollectionViewHeaderView.swift */ = {isa = PBXFileReference; lastKnownFileType = sourcecode.swift; path = ListCollectionViewHeaderView.swift; sourceTree = "<group>"; };
		D6D92F022AC031DF0074236E /* TodoDoIt.app */ = {isa = PBXFileReference; explicitFileType = wrapper.application; includeInIndex = 0; path = TodoDoIt.app; sourceTree = BUILT_PRODUCTS_DIR; };
		D6D92F052AC031DF0074236E /* AppDelegate.swift */ = {isa = PBXFileReference; lastKnownFileType = sourcecode.swift; path = AppDelegate.swift; sourceTree = "<group>"; };
		D6D92F072AC031DF0074236E /* SceneDelegate.swift */ = {isa = PBXFileReference; lastKnownFileType = sourcecode.swift; path = SceneDelegate.swift; sourceTree = "<group>"; };
		D6D92F092AC031DF0074236E /* HomeViewController.swift */ = {isa = PBXFileReference; lastKnownFileType = sourcecode.swift; path = HomeViewController.swift; sourceTree = "<group>"; };
		D6D92F0E2AC031E00074236E /* Assets.xcassets */ = {isa = PBXFileReference; lastKnownFileType = folder.assetcatalog; path = Assets.xcassets; sourceTree = "<group>"; };
		D6D92F112AC031E00074236E /* Base */ = {isa = PBXFileReference; lastKnownFileType = file.storyboard; name = Base; path = Base.lproj/LaunchScreen.storyboard; sourceTree = "<group>"; };
		D6D92F132AC031E00074236E /* Info.plist */ = {isa = PBXFileReference; lastKnownFileType = text.plist.xml; path = Info.plist; sourceTree = "<group>"; };
/* End PBXFileReference section */

/* Begin PBXFrameworksBuildPhase section */
		D6D92EFF2AC031DF0074236E /* Frameworks */ = {
			isa = PBXFrameworksBuildPhase;
			buildActionMask = 2147483647;
			files = (
				D62B07852AC2B1BA002C7EAB /* Toast in Frameworks */,
				D62B077D2AC2B11B002C7EAB /* SnapKit in Frameworks */,
				D62B077A2AC2B10D002C7EAB /* Kingfisher in Frameworks */,
				D62B07802AC2B17F002C7EAB /* Realm in Frameworks */,
				D62B07822AC2B17F002C7EAB /* RealmSwift in Frameworks */,
				D62B07772AC2B101002C7EAB /* FSCalendar in Frameworks */,
			);
			runOnlyForDeploymentPostprocessing = 0;
		};
/* End PBXFrameworksBuildPhase section */

/* Begin PBXGroup section */
		D62B07862AC2B22F002C7EAB /* TabBar */ = {
			isa = PBXGroup;
			children = (
				D62B07872AC2B252002C7EAB /* TabBarController.swift */,
			);
			path = TabBar;
			sourceTree = "<group>";
		};
		D62B07892AC2B732002C7EAB /* Home */ = {
			isa = PBXGroup;
			children = (
				D6D92F092AC031DF0074236E /* HomeViewController.swift */,
			);
			path = Home;
			sourceTree = "<group>";
		};
		D62B078C2AC2BA31002C7EAB /* Cell */ = {
			isa = PBXGroup;
			children = (
			);
			path = Cell;
			sourceTree = "<group>";
		};
		D62B078D2AC33C7F002C7EAB /* Component */ = {
			isa = PBXGroup;
			children = (
				D62B078C2AC2BA31002C7EAB /* Cell */,
				D62B078E2AC33CE3002C7EAB /* ListCollectionViewHeaderView.swift */,
			);
			path = Component;
			sourceTree = "<group>";
		};
		D6D92EF92AC031DF0074236E = {
			isa = PBXGroup;
			children = (
				D6D92F042AC031DF0074236E /* TodoDoIt */,
				D6D92F032AC031DF0074236E /* Products */,
			);
			sourceTree = "<group>";
		};
		D6D92F032AC031DF0074236E /* Products */ = {
			isa = PBXGroup;
			children = (
				D6D92F022AC031DF0074236E /* TodoDoIt.app */,
			);
			name = Products;
			sourceTree = "<group>";
		};
		D6D92F042AC031DF0074236E /* TodoDoIt */ = {
			isa = PBXGroup;
			children = (
				D62B078D2AC33C7F002C7EAB /* Component */,
				D62B07892AC2B732002C7EAB /* Home */,
				D62B07862AC2B22F002C7EAB /* TabBar */,
				D6D92F052AC031DF0074236E /* AppDelegate.swift */,
				D6D92F072AC031DF0074236E /* SceneDelegate.swift */,
				D6D92F0E2AC031E00074236E /* Assets.xcassets */,
				D6D92F102AC031E00074236E /* LaunchScreen.storyboard */,
				D6D92F132AC031E00074236E /* Info.plist */,
			);
			path = TodoDoIt;
			sourceTree = "<group>";
		};
/* End PBXGroup section */

/* Begin PBXNativeTarget section */
		D6D92F012AC031DF0074236E /* TodoDoIt */ = {
			isa = PBXNativeTarget;
			buildConfigurationList = D6D92F162AC031E00074236E /* Build configuration list for PBXNativeTarget "TodoDoIt" */;
			buildPhases = (
				D6D92EFE2AC031DF0074236E /* Sources */,
				D6D92EFF2AC031DF0074236E /* Frameworks */,
				D6D92F002AC031DF0074236E /* Resources */,
			);
			buildRules = (
			);
			dependencies = (
			);
			name = TodoDoIt;
			packageProductDependencies = (
				D62B07762AC2B101002C7EAB /* FSCalendar */,
				D62B07792AC2B10D002C7EAB /* Kingfisher */,
				D62B077C2AC2B11B002C7EAB /* SnapKit */,
				D62B077F2AC2B17F002C7EAB /* Realm */,
				D62B07812AC2B17F002C7EAB /* RealmSwift */,
				D62B07842AC2B1BA002C7EAB /* Toast */,
			);
			productName = TodoDoIt;
			productReference = D6D92F022AC031DF0074236E /* TodoDoIt.app */;
			productType = "com.apple.product-type.application";
		};
/* End PBXNativeTarget section */

/* Begin PBXProject section */
		D6D92EFA2AC031DF0074236E /* Project object */ = {
			isa = PBXProject;
			attributes = {
				BuildIndependentTargetsInParallel = 1;
				LastSwiftUpdateCheck = 1430;
				LastUpgradeCheck = 1430;
				TargetAttributes = {
					D6D92F012AC031DF0074236E = {
						CreatedOnToolsVersion = 14.3.1;
					};
				};
			};
			buildConfigurationList = D6D92EFD2AC031DF0074236E /* Build configuration list for PBXProject "TodoDoIt" */;
			compatibilityVersion = "Xcode 14.0";
			developmentRegion = en;
			hasScannedForEncodings = 0;
			knownRegions = (
				en,
				Base,
			);
			mainGroup = D6D92EF92AC031DF0074236E;
			packageReferences = (
				D62B07752AC2B101002C7EAB /* XCRemoteSwiftPackageReference "FSCalendar" */,
				D62B07782AC2B10D002C7EAB /* XCRemoteSwiftPackageReference "Kingfisher" */,
				D62B077B2AC2B11B002C7EAB /* XCRemoteSwiftPackageReference "SnapKit" */,
				D62B077E2AC2B17F002C7EAB /* XCRemoteSwiftPackageReference "realm-swift" */,
				D62B07832AC2B1BA002C7EAB /* XCRemoteSwiftPackageReference "Toast-Swift" */,
			);
			productRefGroup = D6D92F032AC031DF0074236E /* Products */;
			projectDirPath = "";
			projectRoot = "";
			targets = (
				D6D92F012AC031DF0074236E /* TodoDoIt */,
			);
		};
/* End PBXProject section */

/* Begin PBXResourcesBuildPhase section */
		D6D92F002AC031DF0074236E /* Resources */ = {
			isa = PBXResourcesBuildPhase;
			buildActionMask = 2147483647;
			files = (
				D6D92F122AC031E00074236E /* LaunchScreen.storyboard in Resources */,
				D6D92F0F2AC031E00074236E /* Assets.xcassets in Resources */,
			);
			runOnlyForDeploymentPostprocessing = 0;
		};
/* End PBXResourcesBuildPhase section */

/* Begin PBXSourcesBuildPhase section */
		D6D92EFE2AC031DF0074236E /* Sources */ = {
			isa = PBXSourcesBuildPhase;
			buildActionMask = 2147483647;
			files = (
				D6D92F0A2AC031DF0074236E /* HomeViewController.swift in Sources */,
				D62B07882AC2B252002C7EAB /* TabBarController.swift in Sources */,
				D6D92F062AC031DF0074236E /* AppDelegate.swift in Sources */,
				D6D92F082AC031DF0074236E /* SceneDelegate.swift in Sources */,
				D62B078F2AC33CE3002C7EAB /* ListCollectionViewHeaderView.swift in Sources */,
			);
			runOnlyForDeploymentPostprocessing = 0;
		};
/* End PBXSourcesBuildPhase section */

/* Begin PBXVariantGroup section */
		D6D92F102AC031E00074236E /* LaunchScreen.storyboard */ = {
			isa = PBXVariantGroup;
			children = (
				D6D92F112AC031E00074236E /* Base */,
			);
			name = LaunchScreen.storyboard;
			sourceTree = "<group>";
		};
/* End PBXVariantGroup section */

/* Begin XCBuildConfiguration section */
		D6D92F142AC031E00074236E /* Debug */ = {
			isa = XCBuildConfiguration;
			buildSettings = {
				ALWAYS_SEARCH_USER_PATHS = NO;
				CLANG_ANALYZER_NONNULL = YES;
				CLANG_ANALYZER_NUMBER_OBJECT_CONVERSION = YES_AGGRESSIVE;
				CLANG_CXX_LANGUAGE_STANDARD = "gnu++20";
				CLANG_ENABLE_MODULES = YES;
				CLANG_ENABLE_OBJC_ARC = YES;
				CLANG_ENABLE_OBJC_WEAK = YES;
				CLANG_WARN_BLOCK_CAPTURE_AUTORELEASING = YES;
				CLANG_WARN_BOOL_CONVERSION = YES;
				CLANG_WARN_COMMA = YES;
				CLANG_WARN_CONSTANT_CONVERSION = YES;
				CLANG_WARN_DEPRECATED_OBJC_IMPLEMENTATIONS = YES;
				CLANG_WARN_DIRECT_OBJC_ISA_USAGE = YES_ERROR;
				CLANG_WARN_DOCUMENTATION_COMMENTS = YES;
				CLANG_WARN_EMPTY_BODY = YES;
				CLANG_WARN_ENUM_CONVERSION = YES;
				CLANG_WARN_INFINITE_RECURSION = YES;
				CLANG_WARN_INT_CONVERSION = YES;
				CLANG_WARN_NON_LITERAL_NULL_CONVERSION = YES;
				CLANG_WARN_OBJC_IMPLICIT_RETAIN_SELF = YES;
				CLANG_WARN_OBJC_LITERAL_CONVERSION = YES;
				CLANG_WARN_OBJC_ROOT_CLASS = YES_ERROR;
				CLANG_WARN_QUOTED_INCLUDE_IN_FRAMEWORK_HEADER = YES;
				CLANG_WARN_RANGE_LOOP_ANALYSIS = YES;
				CLANG_WARN_STRICT_PROTOTYPES = YES;
				CLANG_WARN_SUSPICIOUS_MOVE = YES;
				CLANG_WARN_UNGUARDED_AVAILABILITY = YES_AGGRESSIVE;
				CLANG_WARN_UNREACHABLE_CODE = YES;
				CLANG_WARN__DUPLICATE_METHOD_MATCH = YES;
				COPY_PHASE_STRIP = NO;
				DEBUG_INFORMATION_FORMAT = dwarf;
				ENABLE_STRICT_OBJC_MSGSEND = YES;
				ENABLE_TESTABILITY = YES;
				GCC_C_LANGUAGE_STANDARD = gnu11;
				GCC_DYNAMIC_NO_PIC = NO;
				GCC_NO_COMMON_BLOCKS = YES;
				GCC_OPTIMIZATION_LEVEL = 0;
				GCC_PREPROCESSOR_DEFINITIONS = (
					"DEBUG=1",
					"$(inherited)",
				);
				GCC_WARN_64_TO_32_BIT_CONVERSION = YES;
				GCC_WARN_ABOUT_RETURN_TYPE = YES_ERROR;
				GCC_WARN_UNDECLARED_SELECTOR = YES;
				GCC_WARN_UNINITIALIZED_AUTOS = YES_AGGRESSIVE;
				GCC_WARN_UNUSED_FUNCTION = YES;
				GCC_WARN_UNUSED_VARIABLE = YES;
				IPHONEOS_DEPLOYMENT_TARGET = 16.4;
				MTL_ENABLE_DEBUG_INFO = INCLUDE_SOURCE;
				MTL_FAST_MATH = YES;
				ONLY_ACTIVE_ARCH = YES;
				SDKROOT = iphoneos;
				SWIFT_ACTIVE_COMPILATION_CONDITIONS = DEBUG;
				SWIFT_OPTIMIZATION_LEVEL = "-Onone";
			};
			name = Debug;
		};
		D6D92F152AC031E00074236E /* Release */ = {
			isa = XCBuildConfiguration;
			buildSettings = {
				ALWAYS_SEARCH_USER_PATHS = NO;
				CLANG_ANALYZER_NONNULL = YES;
				CLANG_ANALYZER_NUMBER_OBJECT_CONVERSION = YES_AGGRESSIVE;
				CLANG_CXX_LANGUAGE_STANDARD = "gnu++20";
				CLANG_ENABLE_MODULES = YES;
				CLANG_ENABLE_OBJC_ARC = YES;
				CLANG_ENABLE_OBJC_WEAK = YES;
				CLANG_WARN_BLOCK_CAPTURE_AUTORELEASING = YES;
				CLANG_WARN_BOOL_CONVERSION = YES;
				CLANG_WARN_COMMA = YES;
				CLANG_WARN_CONSTANT_CONVERSION = YES;
				CLANG_WARN_DEPRECATED_OBJC_IMPLEMENTATIONS = YES;
				CLANG_WARN_DIRECT_OBJC_ISA_USAGE = YES_ERROR;
				CLANG_WARN_DOCUMENTATION_COMMENTS = YES;
				CLANG_WARN_EMPTY_BODY = YES;
				CLANG_WARN_ENUM_CONVERSION = YES;
				CLANG_WARN_INFINITE_RECURSION = YES;
				CLANG_WARN_INT_CONVERSION = YES;
				CLANG_WARN_NON_LITERAL_NULL_CONVERSION = YES;
				CLANG_WARN_OBJC_IMPLICIT_RETAIN_SELF = YES;
				CLANG_WARN_OBJC_LITERAL_CONVERSION = YES;
				CLANG_WARN_OBJC_ROOT_CLASS = YES_ERROR;
				CLANG_WARN_QUOTED_INCLUDE_IN_FRAMEWORK_HEADER = YES;
				CLANG_WARN_RANGE_LOOP_ANALYSIS = YES;
				CLANG_WARN_STRICT_PROTOTYPES = YES;
				CLANG_WARN_SUSPICIOUS_MOVE = YES;
				CLANG_WARN_UNGUARDED_AVAILABILITY = YES_AGGRESSIVE;
				CLANG_WARN_UNREACHABLE_CODE = YES;
				CLANG_WARN__DUPLICATE_METHOD_MATCH = YES;
				COPY_PHASE_STRIP = NO;
				DEBUG_INFORMATION_FORMAT = "dwarf-with-dsym";
				ENABLE_NS_ASSERTIONS = NO;
				ENABLE_STRICT_OBJC_MSGSEND = YES;
				GCC_C_LANGUAGE_STANDARD = gnu11;
				GCC_NO_COMMON_BLOCKS = YES;
				GCC_WARN_64_TO_32_BIT_CONVERSION = YES;
				GCC_WARN_ABOUT_RETURN_TYPE = YES_ERROR;
				GCC_WARN_UNDECLARED_SELECTOR = YES;
				GCC_WARN_UNINITIALIZED_AUTOS = YES_AGGRESSIVE;
				GCC_WARN_UNUSED_FUNCTION = YES;
				GCC_WARN_UNUSED_VARIABLE = YES;
				IPHONEOS_DEPLOYMENT_TARGET = 16.4;
				MTL_ENABLE_DEBUG_INFO = NO;
				MTL_FAST_MATH = YES;
				SDKROOT = iphoneos;
				SWIFT_COMPILATION_MODE = wholemodule;
				SWIFT_OPTIMIZATION_LEVEL = "-O";
				VALIDATE_PRODUCT = YES;
			};
			name = Release;
		};
		D6D92F172AC031E00074236E /* Debug */ = {
			isa = XCBuildConfiguration;
			buildSettings = {
				ASSETCATALOG_COMPILER_APPICON_NAME = AppIcon;
				ASSETCATALOG_COMPILER_GLOBAL_ACCENT_COLOR_NAME = AccentColor;
				CODE_SIGN_STYLE = Automatic;
				CURRENT_PROJECT_VERSION = 1;
				DEVELOPMENT_TEAM = Y7C6A3W353;
				GENERATE_INFOPLIST_FILE = YES;
				INFOPLIST_FILE = TodoDoIt/Info.plist;
				INFOPLIST_KEY_UIApplicationSupportsIndirectInputEvents = YES;
				INFOPLIST_KEY_UILaunchStoryboardName = LaunchScreen;
				INFOPLIST_KEY_UISupportedInterfaceOrientations = UIInterfaceOrientationPortrait;
				INFOPLIST_KEY_UISupportedInterfaceOrientations_iPad = "UIInterfaceOrientationLandscapeLeft UIInterfaceOrientationLandscapeRight UIInterfaceOrientationPortrait UIInterfaceOrientationPortraitUpsideDown";
				IPHONEOS_DEPLOYMENT_TARGET = 15.0;
				LD_RUNPATH_SEARCH_PATHS = (
					"$(inherited)",
					"@executable_path/Frameworks",
				);
				MARKETING_VERSION = 1.0;
				PRODUCT_BUNDLE_IDENTIFIER = com.sangnam.TodoDoIt;
				PRODUCT_NAME = "$(TARGET_NAME)";
				SUPPORTED_PLATFORMS = "iphoneos iphonesimulator";
				SUPPORTS_MACCATALYST = NO;
				SUPPORTS_MAC_DESIGNED_FOR_IPHONE_IPAD = NO;
				SWIFT_EMIT_LOC_STRINGS = YES;
				SWIFT_VERSION = 5.0;
				TARGETED_DEVICE_FAMILY = 1;
			};
			name = Debug;
		};
		D6D92F182AC031E00074236E /* Release */ = {
			isa = XCBuildConfiguration;
			buildSettings = {
				ASSETCATALOG_COMPILER_APPICON_NAME = AppIcon;
				ASSETCATALOG_COMPILER_GLOBAL_ACCENT_COLOR_NAME = AccentColor;
				CODE_SIGN_STYLE = Automatic;
				CURRENT_PROJECT_VERSION = 1;
				DEVELOPMENT_TEAM = Y7C6A3W353;
				GENERATE_INFOPLIST_FILE = YES;
				INFOPLIST_FILE = TodoDoIt/Info.plist;
				INFOPLIST_KEY_UIApplicationSupportsIndirectInputEvents = YES;
				INFOPLIST_KEY_UILaunchStoryboardName = LaunchScreen;
				INFOPLIST_KEY_UISupportedInterfaceOrientations = UIInterfaceOrientationPortrait;
				INFOPLIST_KEY_UISupportedInterfaceOrientations_iPad = "UIInterfaceOrientationLandscapeLeft UIInterfaceOrientationLandscapeRight UIInterfaceOrientationPortrait UIInterfaceOrientationPortraitUpsideDown";
				IPHONEOS_DEPLOYMENT_TARGET = 15.0;
				LD_RUNPATH_SEARCH_PATHS = (
					"$(inherited)",
					"@executable_path/Frameworks",
				);
				MARKETING_VERSION = 1.0;
				PRODUCT_BUNDLE_IDENTIFIER = com.sangnam.TodoDoIt;
				PRODUCT_NAME = "$(TARGET_NAME)";
				SUPPORTED_PLATFORMS = "iphoneos iphonesimulator";
				SUPPORTS_MACCATALYST = NO;
				SUPPORTS_MAC_DESIGNED_FOR_IPHONE_IPAD = NO;
				SWIFT_EMIT_LOC_STRINGS = YES;
				SWIFT_VERSION = 5.0;
				TARGETED_DEVICE_FAMILY = 1;
			};
			name = Release;
		};
/* End XCBuildConfiguration section */

/* Begin XCConfigurationList section */
		D6D92EFD2AC031DF0074236E /* Build configuration list for PBXProject "TodoDoIt" */ = {
			isa = XCConfigurationList;
			buildConfigurations = (
				D6D92F142AC031E00074236E /* Debug */,
				D6D92F152AC031E00074236E /* Release */,
			);
			defaultConfigurationIsVisible = 0;
			defaultConfigurationName = Release;
		};
		D6D92F162AC031E00074236E /* Build configuration list for PBXNativeTarget "TodoDoIt" */ = {
			isa = XCConfigurationList;
			buildConfigurations = (
				D6D92F172AC031E00074236E /* Debug */,
				D6D92F182AC031E00074236E /* Release */,
			);
			defaultConfigurationIsVisible = 0;
			defaultConfigurationName = Release;
		};
/* End XCConfigurationList section */

/* Begin XCRemoteSwiftPackageReference section */
		D62B07752AC2B101002C7EAB /* XCRemoteSwiftPackageReference "FSCalendar" */ = {
			isa = XCRemoteSwiftPackageReference;
			repositoryURL = "https://github.com/WenchaoD/FSCalendar.git";
			requirement = {
				kind = upToNextMajorVersion;
				minimumVersion = 2.0.0;
			};
		};
		D62B07782AC2B10D002C7EAB /* XCRemoteSwiftPackageReference "Kingfisher" */ = {
			isa = XCRemoteSwiftPackageReference;
			repositoryURL = "https://github.com/onevcat/Kingfisher.git";
			requirement = {
				kind = upToNextMajorVersion;
				minimumVersion = 7.0.0;
			};
		};
		D62B077B2AC2B11B002C7EAB /* XCRemoteSwiftPackageReference "SnapKit" */ = {
			isa = XCRemoteSwiftPackageReference;
			repositoryURL = "https://github.com/SnapKit/SnapKit.git";
			requirement = {
				kind = upToNextMajorVersion;
				minimumVersion = 5.0.0;
			};
		};
		D62B077E2AC2B17F002C7EAB /* XCRemoteSwiftPackageReference "realm-swift" */ = {
			isa = XCRemoteSwiftPackageReference;
			repositoryURL = "https://github.com/realm/realm-swift.git";
			requirement = {
				kind = exactVersion;
				version = 10.42.4;
			};
		};
		D62B07832AC2B1BA002C7EAB /* XCRemoteSwiftPackageReference "Toast-Swift" */ = {
			isa = XCRemoteSwiftPackageReference;
			repositoryURL = "https://github.com/scalessec/Toast-Swift.git";
			requirement = {
				kind = upToNextMajorVersion;
				minimumVersion = 5.0.0;
			};
		};
/* End XCRemoteSwiftPackageReference section */

/* Begin XCSwiftPackageProductDependency section */
		D62B07762AC2B101002C7EAB /* FSCalendar */ = {
			isa = XCSwiftPackageProductDependency;
			package = D62B07752AC2B101002C7EAB /* XCRemoteSwiftPackageReference "FSCalendar" */;
			productName = FSCalendar;
		};
		D62B07792AC2B10D002C7EAB /* Kingfisher */ = {
			isa = XCSwiftPackageProductDependency;
			package = D62B07782AC2B10D002C7EAB /* XCRemoteSwiftPackageReference "Kingfisher" */;
			productName = Kingfisher;
		};
		D62B077C2AC2B11B002C7EAB /* SnapKit */ = {
			isa = XCSwiftPackageProductDependency;
			package = D62B077B2AC2B11B002C7EAB /* XCRemoteSwiftPackageReference "SnapKit" */;
			productName = SnapKit;
		};
		D62B077F2AC2B17F002C7EAB /* Realm */ = {
			isa = XCSwiftPackageProductDependency;
			package = D62B077E2AC2B17F002C7EAB /* XCRemoteSwiftPackageReference "realm-swift" */;
			productName = Realm;
		};
		D62B07812AC2B17F002C7EAB /* RealmSwift */ = {
			isa = XCSwiftPackageProductDependency;
			package = D62B077E2AC2B17F002C7EAB /* XCRemoteSwiftPackageReference "realm-swift" */;
			productName = RealmSwift;
		};
		D62B07842AC2B1BA002C7EAB /* Toast */ = {
			isa = XCSwiftPackageProductDependency;
			package = D62B07832AC2B1BA002C7EAB /* XCRemoteSwiftPackageReference "Toast-Swift" */;
			productName = Toast;
		};
/* End XCSwiftPackageProductDependency section */
	};
	rootObject = D6D92EFA2AC031DF0074236E /* Project object */;
}
